// !$*UTF8*$!
{
	archiveVersion = 1;
	classes = {
	};
	objectVersion = 46;
	objects = {

/* Begin PBXBuildFile section */
		69D59E821A9C6AFB00174BC7 /* AppDelegate.m in Sources */ = {isa = PBXBuildFile; fileRef = 69D59E811A9C6AFB00174BC7 /* AppDelegate.m */; };
		69D59E841A9C6AFB00174BC7 /* main.m in Sources */ = {isa = PBXBuildFile; fileRef = 69D59E831A9C6AFB00174BC7 /* main.m */; };
		69D59E861A9C6AFB00174BC7 /* Images.xcassets in Resources */ = {isa = PBXBuildFile; fileRef = 69D59E851A9C6AFB00174BC7 /* Images.xcassets */; };
		69D59E891A9C6AFB00174BC7 /* MainMenu.xib in Resources */ = {isa = PBXBuildFile; fileRef = 69D59E871A9C6AFB00174BC7 /* MainMenu.xib */; };
		69D59E951A9C6AFB00174BC7 /* IDPCollectionViewTests.m in Sources */ = {isa = PBXBuildFile; fileRef = 69D59E941A9C6AFB00174BC7 /* IDPCollectionViewTests.m */; };
		69D59ED91A9C6D9C00174BC7 /* LICENSE in Resources */ = {isa = PBXBuildFile; fileRef = 69D59EC31A9C6D9C00174BC7 /* LICENSE */; };
		69D59EDA1A9C6D9C00174BC7 /* README.md in Sources */ = {isa = PBXBuildFile; fileRef = 69D59EC41A9C6D9C00174BC7 /* README.md */; };
		69D59EDB1A9C6D9C00174BC7 /* NSColor+IDPExtension.m in Sources */ = {isa = PBXBuildFile; fileRef = 69D59EC81A9C6D9C00174BC7 /* NSColor+IDPExtension.m */; };
		69D59EDC1A9C6D9C00174BC7 /* NSNib+IDPExtension.m in Sources */ = {isa = PBXBuildFile; fileRef = 69D59ECA1A9C6D9C00174BC7 /* NSNib+IDPExtension.m */; };
		69D59EDD1A9C6D9C00174BC7 /* NSTableView+IDPExtension.m in Sources */ = {isa = PBXBuildFile; fileRef = 69D59ECC1A9C6D9C00174BC7 /* NSTableView+IDPExtension.m */; };
		69D59EDE1A9C6D9C00174BC7 /* NSView+IDPExtension.m in Sources */ = {isa = PBXBuildFile; fileRef = 69D59ECE1A9C6D9C00174BC7 /* NSView+IDPExtension.m */; };
		69D59EDF1A9C6D9C00174BC7 /* NSViewController+IDPExtension.m in Sources */ = {isa = PBXBuildFile; fileRef = 69D59ED01A9C6D9C00174BC7 /* NSViewController+IDPExtension.m */; };
		69D59EE01A9C6D9C00174BC7 /* NSMutableArray+IDPExtensions.m in Sources */ = {isa = PBXBuildFile; fileRef = 69D59ED41A9C6D9C00174BC7 /* NSMutableArray+IDPExtensions.m */; };
		69D59EE11A9C6D9C00174BC7 /* IDPKeyPathObserver.m in Sources */ = {isa = PBXBuildFile; fileRef = 69D59ED71A9C6D9C00174BC7 /* IDPKeyPathObserver.m */; settings = {COMPILER_FLAGS = "-fno-objc-arc"; }; };
		69D59EE61A9C734800174BC7 /* IDPCollectionViewController.m in Sources */ = {isa = PBXBuildFile; fileRef = 69D59EE51A9C734800174BC7 /* IDPCollectionViewController.m */; };
		69D59EEA1A9C737F00174BC7 /* IDPCollectionView.m in Sources */ = {isa = PBXBuildFile; fileRef = 69D59EE91A9C737F00174BC7 /* IDPCollectionView.m */; };
		69D59EEF1A9C757A00174BC7 /* IDPTestModel.m in Sources */ = {isa = PBXBuildFile; fileRef = 69D59EEE1A9C757A00174BC7 /* IDPTestModel.m */; };
		69D59F191A9C900400174BC7 /* IDPCollectionViewCell.m in Sources */ = {isa = PBXBuildFile; fileRef = 69D59F181A9C900400174BC7 /* IDPCollectionViewCell.m */; };
		69D59F1B1A9C922900174BC7 /* IDPCollectionViewCell.xib in Resources */ = {isa = PBXBuildFile; fileRef = 69D59F1A1A9C922900174BC7 /* IDPCollectionViewCell.xib */; };
		69D59F1E1A9CA9F700174BC7 /* IDPCollectionViewReusableView.m in Sources */ = {isa = PBXBuildFile; fileRef = 69D59F1D1A9CA9F700174BC7 /* IDPCollectionViewReusableView.m */; };
		69D59F201A9CAA0400174BC7 /* IDPCollectionViewReusableView.xib in Resources */ = {isa = PBXBuildFile; fileRef = 69D59F1F1A9CAA0400174BC7 /* IDPCollectionViewReusableView.xib */; };
		9D303952CA5740E8883991F3 /* libPods-IDPCollectionView.a in Frameworks */ = {isa = PBXBuildFile; fileRef = 02399D1B98E34812AEBA182D /* libPods-IDPCollectionView.a */; };
/* End PBXBuildFile section */

/* Begin PBXContainerItemProxy section */
		69D59E8F1A9C6AFB00174BC7 /* PBXContainerItemProxy */ = {
			isa = PBXContainerItemProxy;
			containerPortal = 69D59E731A9C6AFA00174BC7 /* Project object */;
			proxyType = 1;
			remoteGlobalIDString = 69D59E7A1A9C6AFA00174BC7;
			remoteInfo = IDPCollectionView;
		};
/* End PBXContainerItemProxy section */

/* Begin PBXFileReference section */
		02399D1B98E34812AEBA182D /* libPods-IDPCollectionView.a */ = {isa = PBXFileReference; explicitFileType = archive.ar; includeInIndex = 0; path = "libPods-IDPCollectionView.a"; sourceTree = BUILT_PRODUCTS_DIR; };
		3E4A37B34E604CA3892E598C /* Pods-IDPCollectionView.xcconfig */ = {isa = PBXFileReference; includeInIndex = 1; lastKnownFileType = text.xcconfig; name = "Pods-IDPCollectionView.xcconfig"; path = "Pods/Pods-IDPCollectionView.xcconfig"; sourceTree = "<group>"; };
		69D59E7B1A9C6AFB00174BC7 /* IDPCollectionView.app */ = {isa = PBXFileReference; explicitFileType = wrapper.application; includeInIndex = 0; path = IDPCollectionView.app; sourceTree = BUILT_PRODUCTS_DIR; };
		69D59E7F1A9C6AFB00174BC7 /* Info.plist */ = {isa = PBXFileReference; lastKnownFileType = text.plist.xml; path = Info.plist; sourceTree = "<group>"; };
		69D59E801A9C6AFB00174BC7 /* AppDelegate.h */ = {isa = PBXFileReference; lastKnownFileType = sourcecode.c.h; path = AppDelegate.h; sourceTree = "<group>"; };
		69D59E811A9C6AFB00174BC7 /* AppDelegate.m */ = {isa = PBXFileReference; lastKnownFileType = sourcecode.c.objc; path = AppDelegate.m; sourceTree = "<group>"; };
		69D59E831A9C6AFB00174BC7 /* main.m */ = {isa = PBXFileReference; lastKnownFileType = sourcecode.c.objc; path = main.m; sourceTree = "<group>"; };
		69D59E851A9C6AFB00174BC7 /* Images.xcassets */ = {isa = PBXFileReference; lastKnownFileType = folder.assetcatalog; path = Images.xcassets; sourceTree = "<group>"; };
		69D59E881A9C6AFB00174BC7 /* Base */ = {isa = PBXFileReference; lastKnownFileType = file.xib; name = Base; path = Base.lproj/MainMenu.xib; sourceTree = "<group>"; };
		69D59E8E1A9C6AFB00174BC7 /* IDPCollectionViewTests.xctest */ = {isa = PBXFileReference; explicitFileType = wrapper.cfbundle; includeInIndex = 0; path = IDPCollectionViewTests.xctest; sourceTree = BUILT_PRODUCTS_DIR; };
		69D59E931A9C6AFB00174BC7 /* Info.plist */ = {isa = PBXFileReference; lastKnownFileType = text.plist.xml; path = Info.plist; sourceTree = "<group>"; };
		69D59E941A9C6AFB00174BC7 /* IDPCollectionViewTests.m */ = {isa = PBXFileReference; lastKnownFileType = sourcecode.c.objc; path = IDPCollectionViewTests.m; sourceTree = "<group>"; };
		69D59EC31A9C6D9C00174BC7 /* LICENSE */ = {isa = PBXFileReference; fileEncoding = 4; lastKnownFileType = text; path = LICENSE; sourceTree = "<group>"; };
		69D59EC41A9C6D9C00174BC7 /* README.md */ = {isa = PBXFileReference; fileEncoding = 4; lastKnownFileType = net.daringfireball.markdown; path = README.md; sourceTree = "<group>"; };
		69D59EC61A9C6D9C00174BC7 /* AppKitKit.h */ = {isa = PBXFileReference; fileEncoding = 4; lastKnownFileType = sourcecode.c.h; path = AppKitKit.h; sourceTree = "<group>"; };
		69D59EC71A9C6D9C00174BC7 /* NSColor+IDPExtension.h */ = {isa = PBXFileReference; fileEncoding = 4; lastKnownFileType = sourcecode.c.h; path = "NSColor+IDPExtension.h"; sourceTree = "<group>"; };
		69D59EC81A9C6D9C00174BC7 /* NSColor+IDPExtension.m */ = {isa = PBXFileReference; fileEncoding = 4; lastKnownFileType = sourcecode.c.objc; path = "NSColor+IDPExtension.m"; sourceTree = "<group>"; };
		69D59EC91A9C6D9C00174BC7 /* NSNib+IDPExtension.h */ = {isa = PBXFileReference; fileEncoding = 4; lastKnownFileType = sourcecode.c.h; path = "NSNib+IDPExtension.h"; sourceTree = "<group>"; };
		69D59ECA1A9C6D9C00174BC7 /* NSNib+IDPExtension.m */ = {isa = PBXFileReference; fileEncoding = 4; lastKnownFileType = sourcecode.c.objc; path = "NSNib+IDPExtension.m"; sourceTree = "<group>"; };
		69D59ECB1A9C6D9C00174BC7 /* NSTableView+IDPExtension.h */ = {isa = PBXFileReference; fileEncoding = 4; lastKnownFileType = sourcecode.c.h; path = "NSTableView+IDPExtension.h"; sourceTree = "<group>"; };
		69D59ECC1A9C6D9C00174BC7 /* NSTableView+IDPExtension.m */ = {isa = PBXFileReference; fileEncoding = 4; lastKnownFileType = sourcecode.c.objc; path = "NSTableView+IDPExtension.m"; sourceTree = "<group>"; };
		69D59ECD1A9C6D9C00174BC7 /* NSView+IDPExtension.h */ = {isa = PBXFileReference; fileEncoding = 4; lastKnownFileType = sourcecode.c.h; path = "NSView+IDPExtension.h"; sourceTree = "<group>"; };
		69D59ECE1A9C6D9C00174BC7 /* NSView+IDPExtension.m */ = {isa = PBXFileReference; fileEncoding = 4; lastKnownFileType = sourcecode.c.objc; path = "NSView+IDPExtension.m"; sourceTree = "<group>"; };
		69D59ECF1A9C6D9C00174BC7 /* NSViewController+IDPExtension.h */ = {isa = PBXFileReference; fileEncoding = 4; lastKnownFileType = sourcecode.c.h; path = "NSViewController+IDPExtension.h"; sourceTree = "<group>"; };
		69D59ED01A9C6D9C00174BC7 /* NSViewController+IDPExtension.m */ = {isa = PBXFileReference; fileEncoding = 4; lastKnownFileType = sourcecode.c.objc; path = "NSViewController+IDPExtension.m"; sourceTree = "<group>"; };
		69D59ED31A9C6D9C00174BC7 /* NSMutableArray+IDPExtensions.h */ = {isa = PBXFileReference; fileEncoding = 4; lastKnownFileType = sourcecode.c.h; path = "NSMutableArray+IDPExtensions.h"; sourceTree = "<group>"; };
		69D59ED41A9C6D9C00174BC7 /* NSMutableArray+IDPExtensions.m */ = {isa = PBXFileReference; fileEncoding = 4; lastKnownFileType = sourcecode.c.objc; path = "NSMutableArray+IDPExtensions.m"; sourceTree = "<group>"; };
		69D59ED61A9C6D9C00174BC7 /* IDPKeyPathObserver.h */ = {isa = PBXFileReference; fileEncoding = 4; lastKnownFileType = sourcecode.c.h; path = IDPKeyPathObserver.h; sourceTree = "<group>"; };
		69D59ED71A9C6D9C00174BC7 /* IDPKeyPathObserver.m */ = {isa = PBXFileReference; fileEncoding = 4; lastKnownFileType = sourcecode.c.objc; path = IDPKeyPathObserver.m; sourceTree = "<group>"; };
		69D59ED81A9C6D9C00174BC7 /* IDPPropertyMacros.h */ = {isa = PBXFileReference; fileEncoding = 4; lastKnownFileType = sourcecode.c.h; path = IDPPropertyMacros.h; sourceTree = "<group>"; };
		69D59EE41A9C734800174BC7 /* IDPCollectionViewController.h */ = {isa = PBXFileReference; fileEncoding = 4; lastKnownFileType = sourcecode.c.h; path = IDPCollectionViewController.h; sourceTree = "<group>"; };
		69D59EE51A9C734800174BC7 /* IDPCollectionViewController.m */ = {isa = PBXFileReference; fileEncoding = 4; lastKnownFileType = sourcecode.c.objc; path = IDPCollectionViewController.m; sourceTree = "<group>"; };
		69D59EE81A9C737F00174BC7 /* IDPCollectionView.h */ = {isa = PBXFileReference; fileEncoding = 4; lastKnownFileType = sourcecode.c.h; path = IDPCollectionView.h; sourceTree = "<group>"; };
		69D59EE91A9C737F00174BC7 /* IDPCollectionView.m */ = {isa = PBXFileReference; fileEncoding = 4; lastKnownFileType = sourcecode.c.objc; path = IDPCollectionView.m; sourceTree = "<group>"; };
		69D59EED1A9C757A00174BC7 /* IDPTestModel.h */ = {isa = PBXFileReference; fileEncoding = 4; lastKnownFileType = sourcecode.c.h; path = IDPTestModel.h; sourceTree = "<group>"; };
		69D59EEE1A9C757A00174BC7 /* IDPTestModel.m */ = {isa = PBXFileReference; fileEncoding = 4; lastKnownFileType = sourcecode.c.objc; path = IDPTestModel.m; sourceTree = "<group>"; };
		69D59F171A9C900400174BC7 /* IDPCollectionViewCell.h */ = {isa = PBXFileReference; fileEncoding = 4; lastKnownFileType = sourcecode.c.h; path = IDPCollectionViewCell.h; sourceTree = "<group>"; };
		69D59F181A9C900400174BC7 /* IDPCollectionViewCell.m */ = {isa = PBXFileReference; fileEncoding = 4; lastKnownFileType = sourcecode.c.objc; path = IDPCollectionViewCell.m; sourceTree = "<group>"; };
		69D59F1A1A9C922900174BC7 /* IDPCollectionViewCell.xib */ = {isa = PBXFileReference; fileEncoding = 4; lastKnownFileType = file.xib; path = IDPCollectionViewCell.xib; sourceTree = "<group>"; };
		69D59F1C1A9CA9F700174BC7 /* IDPCollectionViewReusableView.h */ = {isa = PBXFileReference; fileEncoding = 4; lastKnownFileType = sourcecode.c.h; path = IDPCollectionViewReusableView.h; sourceTree = "<group>"; };
		69D59F1D1A9CA9F700174BC7 /* IDPCollectionViewReusableView.m */ = {isa = PBXFileReference; fileEncoding = 4; lastKnownFileType = sourcecode.c.objc; path = IDPCollectionViewReusableView.m; sourceTree = "<group>"; };
		69D59F1F1A9CAA0400174BC7 /* IDPCollectionViewReusableView.xib */ = {isa = PBXFileReference; fileEncoding = 4; lastKnownFileType = file.xib; path = IDPCollectionViewReusableView.xib; sourceTree = "<group>"; };
/* End PBXFileReference section */

/* Begin PBXFrameworksBuildPhase section */
		69D59E781A9C6AFA00174BC7 /* Frameworks */ = {
			isa = PBXFrameworksBuildPhase;
			buildActionMask = 2147483647;
			files = (
				9D303952CA5740E8883991F3 /* libPods-IDPCollectionView.a in Frameworks */,
			);
			runOnlyForDeploymentPostprocessing = 0;
		};
		69D59E8B1A9C6AFB00174BC7 /* Frameworks */ = {
			isa = PBXFrameworksBuildPhase;
			buildActionMask = 2147483647;
			files = (
			);
			runOnlyForDeploymentPostprocessing = 0;
		};
/* End PBXFrameworksBuildPhase section */

/* Begin PBXGroup section */
		69D59E721A9C6AFA00174BC7 = {
			isa = PBXGroup;
			children = (
				69D59EC01A9C6D9C00174BC7 /* src */,
				69D59E7D1A9C6AFB00174BC7 /* IDPCollectionView */,
				69D59E911A9C6AFB00174BC7 /* IDPCollectionViewTests */,
				69D59E7C1A9C6AFB00174BC7 /* Products */,
				3E4A37B34E604CA3892E598C /* Pods-IDPCollectionView.xcconfig */,
				9A1EBF4DC96F46E7B6FF585D /* Frameworks */,
			);
			sourceTree = "<group>";
		};
		69D59E7C1A9C6AFB00174BC7 /* Products */ = {
			isa = PBXGroup;
			children = (
				69D59E7B1A9C6AFB00174BC7 /* IDPCollectionView.app */,
				69D59E8E1A9C6AFB00174BC7 /* IDPCollectionViewTests.xctest */,
			);
			name = Products;
			sourceTree = "<group>";
		};
		69D59E7D1A9C6AFB00174BC7 /* IDPCollectionView */ = {
			isa = PBXGroup;
			children = (
				69D59E801A9C6AFB00174BC7 /* AppDelegate.h */,
				69D59E811A9C6AFB00174BC7 /* AppDelegate.m */,
				69D59E851A9C6AFB00174BC7 /* Images.xcassets */,
				69D59E871A9C6AFB00174BC7 /* MainMenu.xib */,
				69D59E7E1A9C6AFB00174BC7 /* Supporting Files */,
			);
			path = IDPCollectionView;
			sourceTree = "<group>";
		};
		69D59E7E1A9C6AFB00174BC7 /* Supporting Files */ = {
			isa = PBXGroup;
			children = (
				69D59E7F1A9C6AFB00174BC7 /* Info.plist */,
				69D59E831A9C6AFB00174BC7 /* main.m */,
			);
			name = "Supporting Files";
			sourceTree = "<group>";
		};
		69D59E911A9C6AFB00174BC7 /* IDPCollectionViewTests */ = {
			isa = PBXGroup;
			children = (
				69D59E941A9C6AFB00174BC7 /* IDPCollectionViewTests.m */,
				69D59E921A9C6AFB00174BC7 /* Supporting Files */,
			);
			path = IDPCollectionViewTests;
			sourceTree = "<group>";
		};
		69D59E921A9C6AFB00174BC7 /* Supporting Files */ = {
			isa = PBXGroup;
			children = (
				69D59E931A9C6AFB00174BC7 /* Info.plist */,
			);
			name = "Supporting Files";
			sourceTree = "<group>";
		};
		69D59EC01A9C6D9C00174BC7 /* src */ = {
			isa = PBXGroup;
			children = (
				69D59EEB1A9C756C00174BC7 /* Models */,
				69D59EE21A9C733900174BC7 /* UI */,
				69D59EC11A9C6D9C00174BC7 /* IDPKit */,
			);
			path = src;
			sourceTree = "<group>";
		};
		69D59EC11A9C6D9C00174BC7 /* IDPKit */ = {
			isa = PBXGroup;
			children = (
				69D59EC21A9C6D9C00174BC7 /* AppKit */,
				69D59ED11A9C6D9C00174BC7 /* FoundationKit */,
			);
			path = IDPKit;
			sourceTree = "<group>";
		};
		69D59EC21A9C6D9C00174BC7 /* AppKit */ = {
			isa = PBXGroup;
			children = (
				69D59EC31A9C6D9C00174BC7 /* LICENSE */,
				69D59EC41A9C6D9C00174BC7 /* README.md */,
				69D59EC51A9C6D9C00174BC7 /* src */,
			);
			path = AppKit;
			sourceTree = "<group>";
		};
		69D59EC51A9C6D9C00174BC7 /* src */ = {
			isa = PBXGroup;
			children = (
				69D59EC61A9C6D9C00174BC7 /* AppKitKit.h */,
				69D59EC71A9C6D9C00174BC7 /* NSColor+IDPExtension.h */,
				69D59EC81A9C6D9C00174BC7 /* NSColor+IDPExtension.m */,
				69D59EC91A9C6D9C00174BC7 /* NSNib+IDPExtension.h */,
				69D59ECA1A9C6D9C00174BC7 /* NSNib+IDPExtension.m */,
				69D59ECB1A9C6D9C00174BC7 /* NSTableView+IDPExtension.h */,
				69D59ECC1A9C6D9C00174BC7 /* NSTableView+IDPExtension.m */,
				69D59ECD1A9C6D9C00174BC7 /* NSView+IDPExtension.h */,
				69D59ECE1A9C6D9C00174BC7 /* NSView+IDPExtension.m */,
				69D59ECF1A9C6D9C00174BC7 /* NSViewController+IDPExtension.h */,
				69D59ED01A9C6D9C00174BC7 /* NSViewController+IDPExtension.m */,
			);
			path = src;
			sourceTree = "<group>";
		};
		69D59ED11A9C6D9C00174BC7 /* FoundationKit */ = {
			isa = PBXGroup;
			children = (
				69D59ED21A9C6D9C00174BC7 /* Categories */,
				69D59ED51A9C6D9C00174BC7 /* IDPKeyPathObserver */,
				69D59ED81A9C6D9C00174BC7 /* IDPPropertyMacros.h */,
			);
			path = FoundationKit;
			sourceTree = "<group>";
		};
		69D59ED21A9C6D9C00174BC7 /* Categories */ = {
			isa = PBXGroup;
			children = (
				69D59ED31A9C6D9C00174BC7 /* NSMutableArray+IDPExtensions.h */,
				69D59ED41A9C6D9C00174BC7 /* NSMutableArray+IDPExtensions.m */,
			);
			path = Categories;
			sourceTree = "<group>";
		};
		69D59ED51A9C6D9C00174BC7 /* IDPKeyPathObserver */ = {
			isa = PBXGroup;
			children = (
				69D59ED61A9C6D9C00174BC7 /* IDPKeyPathObserver.h */,
				69D59ED71A9C6D9C00174BC7 /* IDPKeyPathObserver.m */,
			);
			path = IDPKeyPathObserver;
			sourceTree = "<group>";
		};
		69D59EE21A9C733900174BC7 /* UI */ = {
			isa = PBXGroup;
			children = (
				69D59EE31A9C733900174BC7 /* IDPCollectionViewController */,
			);
			path = UI;
			sourceTree = "<group>";
		};
		69D59EE31A9C733900174BC7 /* IDPCollectionViewController */ = {
			isa = PBXGroup;
			children = (
				69D59F161A9C900400174BC7 /* Cell */,
				69D59EE71A9C735300174BC7 /* view */,
				69D59EE41A9C734800174BC7 /* IDPCollectionViewController.h */,
				69D59EE51A9C734800174BC7 /* IDPCollectionViewController.m */,
			);
			path = IDPCollectionViewController;
			sourceTree = "<group>";
		};
		69D59EE71A9C735300174BC7 /* view */ = {
			isa = PBXGroup;
			children = (
				69D59EE81A9C737F00174BC7 /* IDPCollectionView.h */,
				69D59EE91A9C737F00174BC7 /* IDPCollectionView.m */,
				69D59F1C1A9CA9F700174BC7 /* IDPCollectionViewReusableView.h */,
				69D59F1D1A9CA9F700174BC7 /* IDPCollectionViewReusableView.m */,
				69D59F1F1A9CAA0400174BC7 /* IDPCollectionViewReusableView.xib */,
			);
			path = view;
			sourceTree = "<group>";
		};
		69D59EEB1A9C756C00174BC7 /* Models */ = {
			isa = PBXGroup;
			children = (
				69D59EEC1A9C756C00174BC7 /* IDPTestModel */,
			);
			path = Models;
			sourceTree = "<group>";
		};
		69D59EEC1A9C756C00174BC7 /* IDPTestModel */ = {
			isa = PBXGroup;
			children = (
				69D59EED1A9C757A00174BC7 /* IDPTestModel.h */,
				69D59EEE1A9C757A00174BC7 /* IDPTestModel.m */,
			);
			path = IDPTestModel;
			sourceTree = "<group>";
		};
		69D59F161A9C900400174BC7 /* Cell */ = {
			isa = PBXGroup;
			children = (
				69D59F171A9C900400174BC7 /* IDPCollectionViewCell.h */,
				69D59F181A9C900400174BC7 /* IDPCollectionViewCell.m */,
				69D59F1A1A9C922900174BC7 /* IDPCollectionViewCell.xib */,
			);
			path = Cell;
			sourceTree = "<group>";
		};
		9A1EBF4DC96F46E7B6FF585D /* Frameworks */ = {
			isa = PBXGroup;
			children = (
				02399D1B98E34812AEBA182D /* libPods-IDPCollectionView.a */,
			);
			name = Frameworks;
			sourceTree = "<group>";
		};
/* End PBXGroup section */

/* Begin PBXNativeTarget section */
		69D59E7A1A9C6AFA00174BC7 /* IDPCollectionView */ = {
			isa = PBXNativeTarget;
			buildConfigurationList = 69D59E981A9C6AFB00174BC7 /* Build configuration list for PBXNativeTarget "IDPCollectionView" */;
			buildPhases = (
				6E3E6F58CFE7453D88648B9E /* Check Pods Manifest.lock */,
				69D59E771A9C6AFA00174BC7 /* Sources */,
				69D59E781A9C6AFA00174BC7 /* Frameworks */,
				69D59E791A9C6AFA00174BC7 /* Resources */,
				F2E2B7E6FB2A483A9B630C28 /* Copy Pods Resources */,
			);
			buildRules = (
			);
			dependencies = (
			);
			name = IDPCollectionView;
			productName = IDPCollectionView;
			productReference = 69D59E7B1A9C6AFB00174BC7 /* IDPCollectionView.app */;
			productType = "com.apple.product-type.application";
		};
		69D59E8D1A9C6AFB00174BC7 /* IDPCollectionViewTests */ = {
			isa = PBXNativeTarget;
			buildConfigurationList = 69D59E9B1A9C6AFB00174BC7 /* Build configuration list for PBXNativeTarget "IDPCollectionViewTests" */;
			buildPhases = (
				69D59E8A1A9C6AFB00174BC7 /* Sources */,
				69D59E8B1A9C6AFB00174BC7 /* Frameworks */,
				69D59E8C1A9C6AFB00174BC7 /* Resources */,
			);
			buildRules = (
			);
			dependencies = (
				69D59E901A9C6AFB00174BC7 /* PBXTargetDependency */,
			);
			name = IDPCollectionViewTests;
			productName = IDPCollectionViewTests;
			productReference = 69D59E8E1A9C6AFB00174BC7 /* IDPCollectionViewTests.xctest */;
			productType = "com.apple.product-type.bundle.unit-test";
		};
/* End PBXNativeTarget section */

/* Begin PBXProject section */
		69D59E731A9C6AFA00174BC7 /* Project object */ = {
			isa = PBXProject;
			attributes = {
				LastUpgradeCheck = 0610;
				ORGANIZATIONNAME = "IDAP Group";
				TargetAttributes = {
					69D59E7A1A9C6AFA00174BC7 = {
						CreatedOnToolsVersion = 6.1.1;
					};
					69D59E8D1A9C6AFB00174BC7 = {
						CreatedOnToolsVersion = 6.1.1;
						TestTargetID = 69D59E7A1A9C6AFA00174BC7;
					};
				};
			};
			buildConfigurationList = 69D59E761A9C6AFA00174BC7 /* Build configuration list for PBXProject "IDPCollectionView" */;
			compatibilityVersion = "Xcode 3.2";
			developmentRegion = English;
			hasScannedForEncodings = 0;
			knownRegions = (
				en,
				Base,
			);
			mainGroup = 69D59E721A9C6AFA00174BC7;
			productRefGroup = 69D59E7C1A9C6AFB00174BC7 /* Products */;
			projectDirPath = "";
			projectRoot = "";
			targets = (
				69D59E7A1A9C6AFA00174BC7 /* IDPCollectionView */,
				69D59E8D1A9C6AFB00174BC7 /* IDPCollectionViewTests */,
			);
		};
/* End PBXProject section */

/* Begin PBXResourcesBuildPhase section */
		69D59E791A9C6AFA00174BC7 /* Resources */ = {
			isa = PBXResourcesBuildPhase;
			buildActionMask = 2147483647;
			files = (
				69D59ED91A9C6D9C00174BC7 /* LICENSE in Resources */,
				69D59E861A9C6AFB00174BC7 /* Images.xcassets in Resources */,
				69D59F1B1A9C922900174BC7 /* IDPCollectionViewCell.xib in Resources */,
				69D59E891A9C6AFB00174BC7 /* MainMenu.xib in Resources */,
				69D59F201A9CAA0400174BC7 /* IDPCollectionViewReusableView.xib in Resources */,
			);
			runOnlyForDeploymentPostprocessing = 0;
		};
		69D59E8C1A9C6AFB00174BC7 /* Resources */ = {
			isa = PBXResourcesBuildPhase;
			buildActionMask = 2147483647;
			files = (
			);
			runOnlyForDeploymentPostprocessing = 0;
		};
/* End PBXResourcesBuildPhase section */

/* Begin PBXShellScriptBuildPhase section */
		6E3E6F58CFE7453D88648B9E /* Check Pods Manifest.lock */ = {
			isa = PBXShellScriptBuildPhase;
			buildActionMask = 2147483647;
			files = (
			);
			inputPaths = (
			);
			name = "Check Pods Manifest.lock";
			outputPaths = (
			);
			runOnlyForDeploymentPostprocessing = 0;
			shellPath = /bin/sh;
			shellScript = "diff \"${PODS_ROOT}/../Podfile.lock\" \"${PODS_ROOT}/Manifest.lock\" > /dev/null\nif [[ $? != 0 ]] ; then\n    cat << EOM\nerror: The sandbox is not in sync with the Podfile.lock. Run 'pod install' or update your CocoaPods installation.\nEOM\n    exit 1\nfi\n";
			showEnvVarsInLog = 0;
		};
		F2E2B7E6FB2A483A9B630C28 /* Copy Pods Resources */ = {
			isa = PBXShellScriptBuildPhase;
			buildActionMask = 2147483647;
			files = (
			);
			inputPaths = (
			);
			name = "Copy Pods Resources";
			outputPaths = (
			);
			runOnlyForDeploymentPostprocessing = 0;
			shellPath = /bin/sh;
			shellScript = "\"${SRCROOT}/Pods/Pods-IDPCollectionView-resources.sh\"\n";
			showEnvVarsInLog = 0;
		};
/* End PBXShellScriptBuildPhase section */

/* Begin PBXSourcesBuildPhase section */
		69D59E771A9C6AFA00174BC7 /* Sources */ = {
			isa = PBXSourcesBuildPhase;
			buildActionMask = 2147483647;
			files = (
				69D59F191A9C900400174BC7 /* IDPCollectionViewCell.m in Sources */,
				69D59EDA1A9C6D9C00174BC7 /* README.md in Sources */,
				69D59EE01A9C6D9C00174BC7 /* NSMutableArray+IDPExtensions.m in Sources */,
				69D59EEA1A9C737F00174BC7 /* IDPCollectionView.m in Sources */,
				69D59E841A9C6AFB00174BC7 /* main.m in Sources */,
				69D59EDE1A9C6D9C00174BC7 /* NSView+IDPExtension.m in Sources */,
				69D59EE11A9C6D9C00174BC7 /* IDPKeyPathObserver.m in Sources */,
				69D59EDD1A9C6D9C00174BC7 /* NSTableView+IDPExtension.m in Sources */,
				69D59EE61A9C734800174BC7 /* IDPCollectionViewController.m in Sources */,
				69D59EDB1A9C6D9C00174BC7 /* NSColor+IDPExtension.m in Sources */,
				69D59EEF1A9C757A00174BC7 /* IDPTestModel.m in Sources */,
				69D59EDC1A9C6D9C00174BC7 /* NSNib+IDPExtension.m in Sources */,
				69D59E821A9C6AFB00174BC7 /* AppDelegate.m in Sources */,
				69D59EDF1A9C6D9C00174BC7 /* NSViewController+IDPExtension.m in Sources */,
				69D59F1E1A9CA9F700174BC7 /* IDPCollectionViewReusableView.m in Sources */,
			);
			runOnlyForDeploymentPostprocessing = 0;
		};
		69D59E8A1A9C6AFB00174BC7 /* Sources */ = {
			isa = PBXSourcesBuildPhase;
			buildActionMask = 2147483647;
			files = (
				69D59E951A9C6AFB00174BC7 /* IDPCollectionViewTests.m in Sources */,
			);
			runOnlyForDeploymentPostprocessing = 0;
		};
/* End PBXSourcesBuildPhase section */

/* Begin PBXTargetDependency section */
		69D59E901A9C6AFB00174BC7 /* PBXTargetDependency */ = {
			isa = PBXTargetDependency;
			target = 69D59E7A1A9C6AFA00174BC7 /* IDPCollectionView */;
			targetProxy = 69D59E8F1A9C6AFB00174BC7 /* PBXContainerItemProxy */;
		};
/* End PBXTargetDependency section */

/* Begin PBXVariantGroup section */
		69D59E871A9C6AFB00174BC7 /* MainMenu.xib */ = {
			isa = PBXVariantGroup;
			children = (
				69D59E881A9C6AFB00174BC7 /* Base */,
			);
			name = MainMenu.xib;
			sourceTree = "<group>";
		};
/* End PBXVariantGroup section */

/* Begin XCBuildConfiguration section */
		69D59E961A9C6AFB00174BC7 /* Debug */ = {
			isa = XCBuildConfiguration;
			buildSettings = {
				ALWAYS_SEARCH_USER_PATHS = NO;
				CLANG_CXX_LANGUAGE_STANDARD = "gnu++0x";
				CLANG_CXX_LIBRARY = "libc++";
				CLANG_ENABLE_MODULES = YES;
				CLANG_ENABLE_OBJC_ARC = YES;
				CLANG_WARN_BOOL_CONVERSION = YES;
				CLANG_WARN_CONSTANT_CONVERSION = YES;
				CLANG_WARN_DIRECT_OBJC_ISA_USAGE = YES_ERROR;
				CLANG_WARN_EMPTY_BODY = YES;
				CLANG_WARN_ENUM_CONVERSION = YES;
				CLANG_WARN_INT_CONVERSION = YES;
				CLANG_WARN_OBJC_ROOT_CLASS = YES_ERROR;
				CLANG_WARN_UNREACHABLE_CODE = YES;
				CLANG_WARN__DUPLICATE_METHOD_MATCH = YES;
				CODE_SIGN_IDENTITY = "-";
				COPY_PHASE_STRIP = NO;
				ENABLE_STRICT_OBJC_MSGSEND = YES;
				GCC_C_LANGUAGE_STANDARD = gnu99;
				GCC_DYNAMIC_NO_PIC = NO;
				GCC_OPTIMIZATION_LEVEL = 0;
				GCC_PREPROCESSOR_DEFINITIONS = (
					"DEBUG=1",
					"$(inherited)",
				);
				GCC_SYMBOLS_PRIVATE_EXTERN = NO;
				GCC_WARN_64_TO_32_BIT_CONVERSION = YES;
				GCC_WARN_ABOUT_RETURN_TYPE = YES_ERROR;
				GCC_WARN_UNDECLARED_SELECTOR = YES;
				GCC_WARN_UNINITIALIZED_AUTOS = YES_AGGRESSIVE;
				GCC_WARN_UNUSED_FUNCTION = YES;
				GCC_WARN_UNUSED_VARIABLE = YES;
				MACOSX_DEPLOYMENT_TARGET = 10.9;
				MTL_ENABLE_DEBUG_INFO = YES;
				ONLY_ACTIVE_ARCH = YES;
				SDKROOT = macosx;
			};
			name = Debug;
		};
		69D59E971A9C6AFB00174BC7 /* Release */ = {
			isa = XCBuildConfiguration;
			buildSettings = {
				ALWAYS_SEARCH_USER_PATHS = NO;
				CLANG_CXX_LANGUAGE_STANDARD = "gnu++0x";
				CLANG_CXX_LIBRARY = "libc++";
				CLANG_ENABLE_MODULES = YES;
				CLANG_ENABLE_OBJC_ARC = YES;
				CLANG_WARN_BOOL_CONVERSION = YES;
				CLANG_WARN_CONSTANT_CONVERSION = YES;
				CLANG_WARN_DIRECT_OBJC_ISA_USAGE = YES_ERROR;
				CLANG_WARN_EMPTY_BODY = YES;
				CLANG_WARN_ENUM_CONVERSION = YES;
				CLANG_WARN_INT_CONVERSION = YES;
				CLANG_WARN_OBJC_ROOT_CLASS = YES_ERROR;
				CLANG_WARN_UNREACHABLE_CODE = YES;
				CLANG_WARN__DUPLICATE_METHOD_MATCH = YES;
				CODE_SIGN_IDENTITY = "-";
				COPY_PHASE_STRIP = YES;
				DEBUG_INFORMATION_FORMAT = "dwarf-with-dsym";
				ENABLE_NS_ASSERTIONS = NO;
				ENABLE_STRICT_OBJC_MSGSEND = YES;
				GCC_C_LANGUAGE_STANDARD = gnu99;
				GCC_WARN_64_TO_32_BIT_CONVERSION = YES;
				GCC_WARN_ABOUT_RETURN_TYPE = YES_ERROR;
				GCC_WARN_UNDECLARED_SELECTOR = YES;
				GCC_WARN_UNINITIALIZED_AUTOS = YES_AGGRESSIVE;
				GCC_WARN_UNUSED_FUNCTION = YES;
				GCC_WARN_UNUSED_VARIABLE = YES;
				MACOSX_DEPLOYMENT_TARGET = 10.9;
				MTL_ENABLE_DEBUG_INFO = NO;
				SDKROOT = macosx;
			};
			name = Release;
		};
		69D59E991A9C6AFB00174BC7 /* Debug */ = {
			isa = XCBuildConfiguration;
			baseConfigurationReference = 3E4A37B34E604CA3892E598C /* Pods-IDPCollectionView.xcconfig */;
			buildSettings = {
				ASSETCATALOG_COMPILER_APPICON_NAME = AppIcon;
				COMBINE_HIDPI_IMAGES = YES;
				INFOPLIST_FILE = IDPCollectionView/Info.plist;
				LD_RUNPATH_SEARCH_PATHS = "$(inherited) @executable_path/../Frameworks";
				PRODUCT_NAME = "$(TARGET_NAME)";
			};
			name = Debug;
		};
		69D59E9A1A9C6AFB00174BC7 /* Release */ = {
			isa = XCBuildConfiguration;
			baseConfigurationReference = 3E4A37B34E604CA3892E598C /* Pods-IDPCollectionView.xcconfig */;
			buildSettings = {
				ASSETCATALOG_COMPILER_APPICON_NAME = AppIcon;
				COMBINE_HIDPI_IMAGES = YES;
				INFOPLIST_FILE = IDPCollectionView/Info.plist;
				LD_RUNPATH_SEARCH_PATHS = "$(inherited) @executable_path/../Frameworks";
				PRODUCT_NAME = "$(TARGET_NAME)";
			};
			name = Release;
		};
		69D59E9C1A9C6AFB00174BC7 /* Debug */ = {
			isa = XCBuildConfiguration;
			buildSettings = {
				BUNDLE_LOADER = "$(TEST_HOST)";
				COMBINE_HIDPI_IMAGES = YES;
				FRAMEWORK_SEARCH_PATHS = (
					"$(DEVELOPER_FRAMEWORKS_DIR)",
					"$(inherited)",
				);
				GCC_PREPROCESSOR_DEFINITIONS = (
					"DEBUG=1",
					"$(inherited)",
				);
				INFOPLIST_FILE = IDPCollectionViewTests/Info.plist;
				LD_RUNPATH_SEARCH_PATHS = "$(inherited) @executable_path/../Frameworks @loader_path/../Frameworks";
				PRODUCT_NAME = "$(TARGET_NAME)";
				TEST_HOST = "$(BUILT_PRODUCTS_DIR)/IDPCollectionView.app/Contents/MacOS/IDPCollectionView";
			};
			name = Debug;
		};
		69D59E9D1A9C6AFB00174BC7 /* Release */ = {
			isa = XCBuildConfiguration;
			buildSettings = {
				BUNDLE_LOADER = "$(TEST_HOST)";
				COMBINE_HIDPI_IMAGES = YES;
				FRAMEWORK_SEARCH_PATHS = (
					"$(DEVELOPER_FRAMEWORKS_DIR)",
					"$(inherited)",
				);
				INFOPLIST_FILE = IDPCollectionViewTests/Info.plist;
				LD_RUNPATH_SEARCH_PATHS = "$(inherited) @executable_path/../Frameworks @loader_path/../Frameworks";
				PRODUCT_NAME = "$(TARGET_NAME)";
				TEST_HOST = "$(BUILT_PRODUCTS_DIR)/IDPCollectionView.app/Contents/MacOS/IDPCollectionView";
			};
			name = Release;
		};
/* End XCBuildConfiguration section */

/* Begin XCConfigurationList section */
		69D59E761A9C6AFA00174BC7 /* Build configuration list for PBXProject "IDPCollectionView" */ = {
			isa = XCConfigurationList;
			buildConfigurations = (
				69D59E961A9C6AFB00174BC7 /* Debug */,
				69D59E971A9C6AFB00174BC7 /* Release */,
			);
			defaultConfigurationIsVisible = 0;
			defaultConfigurationName = Release;
		};
		69D59E981A9C6AFB00174BC7 /* Build configuration list for PBXNativeTarget "IDPCollectionView" */ = {
			isa = XCConfigurationList;
			buildConfigurations = (
				69D59E991A9C6AFB00174BC7 /* Debug */,
				69D59E9A1A9C6AFB00174BC7 /* Release */,
			);
			defaultConfigurationIsVisible = 0;
			defaultConfigurationName = Release;
		};
		69D59E9B1A9C6AFB00174BC7 /* Build configuration list for PBXNativeTarget "IDPCollectionViewTests" */ = {
			isa = XCConfigurationList;
			buildConfigurations = (
				69D59E9C1A9C6AFB00174BC7 /* Debug */,
				69D59E9D1A9C6AFB00174BC7 /* Release */,
			);
			defaultConfigurationIsVisible = 0;
			defaultConfigurationName = Release;
		};
/* End XCConfigurationList section */
	};
	rootObject = 69D59E731A9C6AFA00174BC7 /* Project object */;
}
