// !$*UTF8*$!
{
	archiveVersion = 1;
	classes = {
	};
	objectVersion = 46;
	objects = {

/* Begin PBXBuildFile section */
		69B6D45F1AADDA7100516434 /* IDPKVOContext.m in Sources */ = {isa = PBXBuildFile; fileRef = 69B6D45C1AADDA7100516434 /* IDPKVOContext.m */; };
		69B6D4601AADDA7100516434 /* IDPKVOMutableArray.m in Sources */ = {isa = PBXBuildFile; fileRef = 69B6D45E1AADDA7100516434 /* IDPKVOMutableArray.m */; };
		69B6D4631AADDAEE00516434 /* NSObject+IDPExtensions.m in Sources */ = {isa = PBXBuildFile; fileRef = 69B6D4621AADDAEE00516434 /* NSObject+IDPExtensions.m */; };
		69B6D4661AADDB2700516434 /* NSArray+IDPExtensions.m in Sources */ = {isa = PBXBuildFile; fileRef = 69B6D4651AADDB2700516434 /* NSArray+IDPExtensions.m */; };
		69B6D46A1AADE4E900516434 /* IDPSectionModel.m in Sources */ = {isa = PBXBuildFile; fileRef = 69B6D4691AADE4E900516434 /* IDPSectionModel.m */; };
		69C9833D1AAF26DD00759F6C /* IDPItemModel.m in Sources */ = {isa = PBXBuildFile; fileRef = 69C9833C1AAF26DD00759F6C /* IDPItemModel.m */; };
		69C983401AAF292700759F6C /* IDPColorValueTransformer.m in Sources */ = {isa = PBXBuildFile; fileRef = 69C9833F1AAF292700759F6C /* IDPColorValueTransformer.m */; };
		69D59D361AA4BDC30042B0DF /* JNWCollectionViewCell.m in Sources */ = {isa = PBXBuildFile; fileRef = 69D59D1B1AA4BDC30042B0DF /* JNWCollectionViewCell.m */; };
		69D59D371AA4BDC30042B0DF /* JNWCollectionViewData.m in Sources */ = {isa = PBXBuildFile; fileRef = 69D59D1D1AA4BDC30042B0DF /* JNWCollectionViewData.m */; };
		69D59D381AA4BDC30042B0DF /* JNWCollectionViewDocumentView.m in Sources */ = {isa = PBXBuildFile; fileRef = 69D59D1F1AA4BDC30042B0DF /* JNWCollectionViewDocumentView.m */; };
		69D59D391AA4BDC30042B0DF /* JNWCollectionViewFramework.m in Sources */ = {isa = PBXBuildFile; fileRef = 69D59D211AA4BDC30042B0DF /* JNWCollectionViewFramework.m */; };
		69D59D3A1AA4BDC30042B0DF /* JNWCollectionViewGridLayout.m in Sources */ = {isa = PBXBuildFile; fileRef = 69D59D231AA4BDC30042B0DF /* JNWCollectionViewGridLayout.m */; };
		69D59D3B1AA4BDC30042B0DF /* JNWCollectionViewLayout.m in Sources */ = {isa = PBXBuildFile; fileRef = 69D59D261AA4BDC30042B0DF /* JNWCollectionViewLayout.m */; };
		69D59D3C1AA4BDC30042B0DF /* JNWCollectionViewListLayout.m in Sources */ = {isa = PBXBuildFile; fileRef = 69D59D281AA4BDC30042B0DF /* JNWCollectionViewListLayout.m */; };
		69D59D3D1AA4BDC30042B0DF /* JNWCollectionViewReusableView.m in Sources */ = {isa = PBXBuildFile; fileRef = 69D59D2B1AA4BDC30042B0DF /* JNWCollectionViewReusableView.m */; };
		69D59D3E1AA4BDC30042B0DF /* NSIndexPath+JNWAdditions.m in Sources */ = {isa = PBXBuildFile; fileRef = 69D59D2D1AA4BDC30042B0DF /* NSIndexPath+JNWAdditions.m */; };
		69D59D3F1AA4BDC30042B0DF /* LICENSE.md in Sources */ = {isa = PBXBuildFile; fileRef = 69D59D2E1AA4BDC30042B0DF /* LICENSE.md */; };
		69D59D401AA4BDC30042B0DF /* README.md in Sources */ = {isa = PBXBuildFile; fileRef = 69D59D2F1AA4BDC30042B0DF /* README.md */; };
		69D59D411AA4BDC30042B0DF /* JNWClipView.m in Sources */ = {isa = PBXBuildFile; fileRef = 69D59D321AA4BDC30042B0DF /* JNWClipView.m */; };
		69D59D421AA4BDC30042B0DF /* JNWScrollView.m in Sources */ = {isa = PBXBuildFile; fileRef = 69D59D341AA4BDC30042B0DF /* JNWScrollView.m */; };
		69D59D431AA4BDC30042B0DF /* LICENSE.md in Sources */ = {isa = PBXBuildFile; fileRef = 69D59D351AA4BDC30042B0DF /* LICENSE.md */; };
		69D59E821A9C6AFB00174BC7 /* AppDelegate.m in Sources */ = {isa = PBXBuildFile; fileRef = 69D59E811A9C6AFB00174BC7 /* AppDelegate.m */; };
		69D59E841A9C6AFB00174BC7 /* main.m in Sources */ = {isa = PBXBuildFile; fileRef = 69D59E831A9C6AFB00174BC7 /* main.m */; };
		69D59E861A9C6AFB00174BC7 /* Images.xcassets in Resources */ = {isa = PBXBuildFile; fileRef = 69D59E851A9C6AFB00174BC7 /* Images.xcassets */; };
		69D59E891A9C6AFB00174BC7 /* MainMenu.xib in Resources */ = {isa = PBXBuildFile; fileRef = 69D59E871A9C6AFB00174BC7 /* MainMenu.xib */; };
		69D59E951A9C6AFB00174BC7 /* IDPCollectionViewTests.m in Sources */ = {isa = PBXBuildFile; fileRef = 69D59E941A9C6AFB00174BC7 /* IDPCollectionViewTests.m */; };
		69D59ED91A9C6D9C00174BC7 /* LICENSE in Resources */ = {isa = PBXBuildFile; fileRef = 69D59EC31A9C6D9C00174BC7 /* LICENSE */; };
		69D59EDA1A9C6D9C00174BC7 /* README.md in Sources */ = {isa = PBXBuildFile; fileRef = 69D59EC41A9C6D9C00174BC7 /* README.md */; };
		69D59EDB1A9C6D9C00174BC7 /* NSColor+IDPExtension.m in Sources */ = {isa = PBXBuildFile; fileRef = 69D59EC81A9C6D9C00174BC7 /* NSColor+IDPExtension.m */; };
		69D59EDC1A9C6D9C00174BC7 /* NSNib+IDPExtension.m in Sources */ = {isa = PBXBuildFile; fileRef = 69D59ECA1A9C6D9C00174BC7 /* NSNib+IDPExtension.m */; };
		69D59EDD1A9C6D9C00174BC7 /* NSTableView+IDPExtension.m in Sources */ = {isa = PBXBuildFile; fileRef = 69D59ECC1A9C6D9C00174BC7 /* NSTableView+IDPExtension.m */; };
		69D59EDE1A9C6D9C00174BC7 /* NSView+IDPExtension.m in Sources */ = {isa = PBXBuildFile; fileRef = 69D59ECE1A9C6D9C00174BC7 /* NSView+IDPExtension.m */; };
		69D59EDF1A9C6D9C00174BC7 /* NSViewController+IDPExtension.m in Sources */ = {isa = PBXBuildFile; fileRef = 69D59ED01A9C6D9C00174BC7 /* NSViewController+IDPExtension.m */; };
		69D59EE01A9C6D9C00174BC7 /* NSMutableArray+IDPExtensions.m in Sources */ = {isa = PBXBuildFile; fileRef = 69D59ED41A9C6D9C00174BC7 /* NSMutableArray+IDPExtensions.m */; };
		69D59EE11A9C6D9C00174BC7 /* IDPKeyPathObserver.m in Sources */ = {isa = PBXBuildFile; fileRef = 69D59ED71A9C6D9C00174BC7 /* IDPKeyPathObserver.m */; };
		69D59EE61A9C734800174BC7 /* IDPCollectionViewController.m in Sources */ = {isa = PBXBuildFile; fileRef = 69D59EE51A9C734800174BC7 /* IDPCollectionViewController.m */; };
		69D59EEA1A9C737F00174BC7 /* IDPCollectionViewView.m in Sources */ = {isa = PBXBuildFile; fileRef = 69D59EE91A9C737F00174BC7 /* IDPCollectionViewView.m */; };
		69D59F191A9C900400174BC7 /* IDPCollectionViewCell.m in Sources */ = {isa = PBXBuildFile; fileRef = 69D59F181A9C900400174BC7 /* IDPCollectionViewCell.m */; };
		69D59F1B1A9C922900174BC7 /* IDPCollectionViewCell.xib in Resources */ = {isa = PBXBuildFile; fileRef = 69D59F1A1A9C922900174BC7 /* IDPCollectionViewCell.xib */; };
		69D59F1E1A9CA9F700174BC7 /* IDPCollectionViewHeaderView.m in Sources */ = {isa = PBXBuildFile; fileRef = 69D59F1D1A9CA9F700174BC7 /* IDPCollectionViewHeaderView.m */; };
		69D59F201A9CAA0400174BC7 /* IDPCollectionViewHeaderView.xib in Resources */ = {isa = PBXBuildFile; fileRef = 69D59F1F1A9CAA0400174BC7 /* IDPCollectionViewHeaderView.xib */; };
/* End PBXBuildFile section */

/* Begin PBXContainerItemProxy section */
		69D59E8F1A9C6AFB00174BC7 /* PBXContainerItemProxy */ = {
			isa = PBXContainerItemProxy;
			containerPortal = 69D59E731A9C6AFA00174BC7 /* Project object */;
			proxyType = 1;
			remoteGlobalIDString = 69D59E7A1A9C6AFA00174BC7;
			remoteInfo = IDPCollectionView;
		};
/* End PBXContainerItemProxy section */

/* Begin PBXFileReference section */
		69B6D45B1AADDA7100516434 /* IDPKVOContext.h */ = {isa = PBXFileReference; fileEncoding = 4; lastKnownFileType = sourcecode.c.h; path = IDPKVOContext.h; sourceTree = "<group>"; };
		69B6D45C1AADDA7100516434 /* IDPKVOContext.m */ = {isa = PBXFileReference; fileEncoding = 4; lastKnownFileType = sourcecode.c.objc; path = IDPKVOContext.m; sourceTree = "<group>"; };
		69B6D45D1AADDA7100516434 /* IDPKVOMutableArray.h */ = {isa = PBXFileReference; fileEncoding = 4; lastKnownFileType = sourcecode.c.h; path = IDPKVOMutableArray.h; sourceTree = "<group>"; };
		69B6D45E1AADDA7100516434 /* IDPKVOMutableArray.m */ = {isa = PBXFileReference; fileEncoding = 4; lastKnownFileType = sourcecode.c.objc; path = IDPKVOMutableArray.m; sourceTree = "<group>"; };
		69B6D4611AADDAEE00516434 /* NSObject+IDPExtensions.h */ = {isa = PBXFileReference; fileEncoding = 4; lastKnownFileType = sourcecode.c.h; path = "NSObject+IDPExtensions.h"; sourceTree = "<group>"; };
		69B6D4621AADDAEE00516434 /* NSObject+IDPExtensions.m */ = {isa = PBXFileReference; fileEncoding = 4; lastKnownFileType = sourcecode.c.objc; path = "NSObject+IDPExtensions.m"; sourceTree = "<group>"; };
		69B6D4641AADDB2700516434 /* NSArray+IDPExtensions.h */ = {isa = PBXFileReference; fileEncoding = 4; lastKnownFileType = sourcecode.c.h; path = "NSArray+IDPExtensions.h"; sourceTree = "<group>"; };
		69B6D4651AADDB2700516434 /* NSArray+IDPExtensions.m */ = {isa = PBXFileReference; fileEncoding = 4; lastKnownFileType = sourcecode.c.objc; path = "NSArray+IDPExtensions.m"; sourceTree = "<group>"; };
		69B6D4681AADE4E900516434 /* IDPSectionModel.h */ = {isa = PBXFileReference; fileEncoding = 4; lastKnownFileType = sourcecode.c.h; path = IDPSectionModel.h; sourceTree = "<group>"; };
		69B6D4691AADE4E900516434 /* IDPSectionModel.m */ = {isa = PBXFileReference; fileEncoding = 4; lastKnownFileType = sourcecode.c.objc; path = IDPSectionModel.m; sourceTree = "<group>"; };
		69C9833B1AAF26DD00759F6C /* IDPItemModel.h */ = {isa = PBXFileReference; fileEncoding = 4; lastKnownFileType = sourcecode.c.h; path = IDPItemModel.h; sourceTree = "<group>"; };
		69C9833C1AAF26DD00759F6C /* IDPItemModel.m */ = {isa = PBXFileReference; fileEncoding = 4; lastKnownFileType = sourcecode.c.objc; path = IDPItemModel.m; sourceTree = "<group>"; };
		69C9833E1AAF292700759F6C /* IDPColorValueTransformer.h */ = {isa = PBXFileReference; fileEncoding = 4; lastKnownFileType = sourcecode.c.h; path = IDPColorValueTransformer.h; sourceTree = "<group>"; };
		69C9833F1AAF292700759F6C /* IDPColorValueTransformer.m */ = {isa = PBXFileReference; fileEncoding = 4; lastKnownFileType = sourcecode.c.objc; path = IDPColorValueTransformer.m; sourceTree = "<group>"; };
		69C983421AAF371A00759F6C /* IDPCollectionViewConstants.h */ = {isa = PBXFileReference; fileEncoding = 4; lastKnownFileType = sourcecode.c.h; path = IDPCollectionViewConstants.h; sourceTree = "<group>"; };
		69D59D171AA4BDC30042B0DF /* JNWCollectionView+Private.h */ = {isa = PBXFileReference; fileEncoding = 4; lastKnownFileType = sourcecode.c.h; path = "JNWCollectionView+Private.h"; sourceTree = "<group>"; };
		69D59D181AA4BDC30042B0DF /* JNWCollectionView.h */ = {isa = PBXFileReference; fileEncoding = 4; lastKnownFileType = sourcecode.c.h; path = JNWCollectionView.h; sourceTree = "<group>"; };
		69D59D191AA4BDC30042B0DF /* JNWCollectionViewCell+Private.h */ = {isa = PBXFileReference; fileEncoding = 4; lastKnownFileType = sourcecode.c.h; path = "JNWCollectionViewCell+Private.h"; sourceTree = "<group>"; };
		69D59D1A1AA4BDC30042B0DF /* JNWCollectionViewCell.h */ = {isa = PBXFileReference; fileEncoding = 4; lastKnownFileType = sourcecode.c.h; path = JNWCollectionViewCell.h; sourceTree = "<group>"; };
		69D59D1B1AA4BDC30042B0DF /* JNWCollectionViewCell.m */ = {isa = PBXFileReference; fileEncoding = 4; lastKnownFileType = sourcecode.c.objc; path = JNWCollectionViewCell.m; sourceTree = "<group>"; };
		69D59D1C1AA4BDC30042B0DF /* JNWCollectionViewData.h */ = {isa = PBXFileReference; fileEncoding = 4; lastKnownFileType = sourcecode.c.h; path = JNWCollectionViewData.h; sourceTree = "<group>"; };
		69D59D1D1AA4BDC30042B0DF /* JNWCollectionViewData.m */ = {isa = PBXFileReference; fileEncoding = 4; lastKnownFileType = sourcecode.c.objc; path = JNWCollectionViewData.m; sourceTree = "<group>"; };
		69D59D1E1AA4BDC30042B0DF /* JNWCollectionViewDocumentView.h */ = {isa = PBXFileReference; fileEncoding = 4; lastKnownFileType = sourcecode.c.h; path = JNWCollectionViewDocumentView.h; sourceTree = "<group>"; };
		69D59D1F1AA4BDC30042B0DF /* JNWCollectionViewDocumentView.m */ = {isa = PBXFileReference; fileEncoding = 4; lastKnownFileType = sourcecode.c.objc; path = JNWCollectionViewDocumentView.m; sourceTree = "<group>"; };
		69D59D201AA4BDC30042B0DF /* JNWCollectionViewFramework.h */ = {isa = PBXFileReference; fileEncoding = 4; lastKnownFileType = sourcecode.c.h; path = JNWCollectionViewFramework.h; sourceTree = "<group>"; };
		69D59D211AA4BDC30042B0DF /* JNWCollectionViewFramework.m */ = {isa = PBXFileReference; fileEncoding = 4; lastKnownFileType = sourcecode.c.objc; path = JNWCollectionViewFramework.m; sourceTree = "<group>"; };
		69D59D221AA4BDC30042B0DF /* JNWCollectionViewGridLayout.h */ = {isa = PBXFileReference; fileEncoding = 4; lastKnownFileType = sourcecode.c.h; path = JNWCollectionViewGridLayout.h; sourceTree = "<group>"; };
		69D59D231AA4BDC30042B0DF /* JNWCollectionViewGridLayout.m */ = {isa = PBXFileReference; fileEncoding = 4; lastKnownFileType = sourcecode.c.objc; path = JNWCollectionViewGridLayout.m; sourceTree = "<group>"; };
		69D59D241AA4BDC30042B0DF /* JNWCollectionViewLayout+Private.h */ = {isa = PBXFileReference; fileEncoding = 4; lastKnownFileType = sourcecode.c.h; path = "JNWCollectionViewLayout+Private.h"; sourceTree = "<group>"; };
		69D59D251AA4BDC30042B0DF /* JNWCollectionViewLayout.h */ = {isa = PBXFileReference; fileEncoding = 4; lastKnownFileType = sourcecode.c.h; path = JNWCollectionViewLayout.h; sourceTree = "<group>"; };
		69D59D261AA4BDC30042B0DF /* JNWCollectionViewLayout.m */ = {isa = PBXFileReference; fileEncoding = 4; lastKnownFileType = sourcecode.c.objc; path = JNWCollectionViewLayout.m; sourceTree = "<group>"; };
		69D59D271AA4BDC30042B0DF /* JNWCollectionViewListLayout.h */ = {isa = PBXFileReference; fileEncoding = 4; lastKnownFileType = sourcecode.c.h; path = JNWCollectionViewListLayout.h; sourceTree = "<group>"; };
		69D59D281AA4BDC30042B0DF /* JNWCollectionViewListLayout.m */ = {isa = PBXFileReference; fileEncoding = 4; lastKnownFileType = sourcecode.c.objc; path = JNWCollectionViewListLayout.m; sourceTree = "<group>"; };
		69D59D291AA4BDC30042B0DF /* JNWCollectionViewReusableView+Private.h */ = {isa = PBXFileReference; fileEncoding = 4; lastKnownFileType = sourcecode.c.h; path = "JNWCollectionViewReusableView+Private.h"; sourceTree = "<group>"; };
		69D59D2A1AA4BDC30042B0DF /* JNWCollectionViewReusableView.h */ = {isa = PBXFileReference; fileEncoding = 4; lastKnownFileType = sourcecode.c.h; path = JNWCollectionViewReusableView.h; sourceTree = "<group>"; };
		69D59D2B1AA4BDC30042B0DF /* JNWCollectionViewReusableView.m */ = {isa = PBXFileReference; fileEncoding = 4; lastKnownFileType = sourcecode.c.objc; path = JNWCollectionViewReusableView.m; sourceTree = "<group>"; };
		69D59D2C1AA4BDC30042B0DF /* NSIndexPath+JNWAdditions.h */ = {isa = PBXFileReference; fileEncoding = 4; lastKnownFileType = sourcecode.c.h; path = "NSIndexPath+JNWAdditions.h"; sourceTree = "<group>"; };
		69D59D2D1AA4BDC30042B0DF /* NSIndexPath+JNWAdditions.m */ = {isa = PBXFileReference; fileEncoding = 4; lastKnownFileType = sourcecode.c.objc; path = "NSIndexPath+JNWAdditions.m"; sourceTree = "<group>"; };
		69D59D2E1AA4BDC30042B0DF /* LICENSE.md */ = {isa = PBXFileReference; fileEncoding = 4; lastKnownFileType = net.daringfireball.markdown; path = LICENSE.md; sourceTree = "<group>"; };
		69D59D2F1AA4BDC30042B0DF /* README.md */ = {isa = PBXFileReference; fileEncoding = 4; lastKnownFileType = net.daringfireball.markdown; path = README.md; sourceTree = "<group>"; };
		69D59D311AA4BDC30042B0DF /* JNWClipView.h */ = {isa = PBXFileReference; fileEncoding = 4; lastKnownFileType = sourcecode.c.h; path = JNWClipView.h; sourceTree = "<group>"; };
		69D59D321AA4BDC30042B0DF /* JNWClipView.m */ = {isa = PBXFileReference; fileEncoding = 4; lastKnownFileType = sourcecode.c.objc; path = JNWClipView.m; sourceTree = "<group>"; };
		69D59D331AA4BDC30042B0DF /* JNWScrollView.h */ = {isa = PBXFileReference; fileEncoding = 4; lastKnownFileType = sourcecode.c.h; path = JNWScrollView.h; sourceTree = "<group>"; };
		69D59D341AA4BDC30042B0DF /* JNWScrollView.m */ = {isa = PBXFileReference; fileEncoding = 4; lastKnownFileType = sourcecode.c.objc; path = JNWScrollView.m; sourceTree = "<group>"; };
		69D59D351AA4BDC30042B0DF /* LICENSE.md */ = {isa = PBXFileReference; fileEncoding = 4; lastKnownFileType = net.daringfireball.markdown; path = LICENSE.md; sourceTree = "<group>"; };
		69D59E7B1A9C6AFB00174BC7 /* IDPCollectionView.app */ = {isa = PBXFileReference; explicitFileType = wrapper.application; includeInIndex = 0; path = IDPCollectionView.app; sourceTree = BUILT_PRODUCTS_DIR; };
		69D59E7F1A9C6AFB00174BC7 /* Info.plist */ = {isa = PBXFileReference; lastKnownFileType = text.plist.xml; path = Info.plist; sourceTree = "<group>"; };
		69D59E801A9C6AFB00174BC7 /* AppDelegate.h */ = {isa = PBXFileReference; lastKnownFileType = sourcecode.c.h; path = AppDelegate.h; sourceTree = "<group>"; };
		69D59E811A9C6AFB00174BC7 /* AppDelegate.m */ = {isa = PBXFileReference; lastKnownFileType = sourcecode.c.objc; path = AppDelegate.m; sourceTree = "<group>"; };
		69D59E831A9C6AFB00174BC7 /* main.m */ = {isa = PBXFileReference; lastKnownFileType = sourcecode.c.objc; path = main.m; sourceTree = "<group>"; };
		69D59E851A9C6AFB00174BC7 /* Images.xcassets */ = {isa = PBXFileReference; lastKnownFileType = folder.assetcatalog; path = Images.xcassets; sourceTree = "<group>"; };
		69D59E881A9C6AFB00174BC7 /* Base */ = {isa = PBXFileReference; lastKnownFileType = file.xib; name = Base; path = Base.lproj/MainMenu.xib; sourceTree = "<group>"; };
		69D59E8E1A9C6AFB00174BC7 /* IDPCollectionViewTests.xctest */ = {isa = PBXFileReference; explicitFileType = wrapper.cfbundle; includeInIndex = 0; path = IDPCollectionViewTests.xctest; sourceTree = BUILT_PRODUCTS_DIR; };
		69D59E931A9C6AFB00174BC7 /* Info.plist */ = {isa = PBXFileReference; lastKnownFileType = text.plist.xml; path = Info.plist; sourceTree = "<group>"; };
		69D59E941A9C6AFB00174BC7 /* IDPCollectionViewTests.m */ = {isa = PBXFileReference; lastKnownFileType = sourcecode.c.objc; path = IDPCollectionViewTests.m; sourceTree = "<group>"; };
		69D59EC31A9C6D9C00174BC7 /* LICENSE */ = {isa = PBXFileReference; fileEncoding = 4; lastKnownFileType = text; path = LICENSE; sourceTree = "<group>"; };
		69D59EC41A9C6D9C00174BC7 /* README.md */ = {isa = PBXFileReference; fileEncoding = 4; lastKnownFileType = net.daringfireball.markdown; path = README.md; sourceTree = "<group>"; };
		69D59EC61A9C6D9C00174BC7 /* AppKitKit.h */ = {isa = PBXFileReference; fileEncoding = 4; lastKnownFileType = sourcecode.c.h; path = AppKitKit.h; sourceTree = "<group>"; };
		69D59EC71A9C6D9C00174BC7 /* NSColor+IDPExtension.h */ = {isa = PBXFileReference; fileEncoding = 4; lastKnownFileType = sourcecode.c.h; path = "NSColor+IDPExtension.h"; sourceTree = "<group>"; };
		69D59EC81A9C6D9C00174BC7 /* NSColor+IDPExtension.m */ = {isa = PBXFileReference; fileEncoding = 4; lastKnownFileType = sourcecode.c.objc; path = "NSColor+IDPExtension.m"; sourceTree = "<group>"; };
		69D59EC91A9C6D9C00174BC7 /* NSNib+IDPExtension.h */ = {isa = PBXFileReference; fileEncoding = 4; lastKnownFileType = sourcecode.c.h; path = "NSNib+IDPExtension.h"; sourceTree = "<group>"; };
		69D59ECA1A9C6D9C00174BC7 /* NSNib+IDPExtension.m */ = {isa = PBXFileReference; fileEncoding = 4; lastKnownFileType = sourcecode.c.objc; path = "NSNib+IDPExtension.m"; sourceTree = "<group>"; };
		69D59ECB1A9C6D9C00174BC7 /* NSTableView+IDPExtension.h */ = {isa = PBXFileReference; fileEncoding = 4; lastKnownFileType = sourcecode.c.h; path = "NSTableView+IDPExtension.h"; sourceTree = "<group>"; };
		69D59ECC1A9C6D9C00174BC7 /* NSTableView+IDPExtension.m */ = {isa = PBXFileReference; fileEncoding = 4; lastKnownFileType = sourcecode.c.objc; path = "NSTableView+IDPExtension.m"; sourceTree = "<group>"; };
		69D59ECD1A9C6D9C00174BC7 /* NSView+IDPExtension.h */ = {isa = PBXFileReference; fileEncoding = 4; lastKnownFileType = sourcecode.c.h; path = "NSView+IDPExtension.h"; sourceTree = "<group>"; };
		69D59ECE1A9C6D9C00174BC7 /* NSView+IDPExtension.m */ = {isa = PBXFileReference; fileEncoding = 4; lastKnownFileType = sourcecode.c.objc; path = "NSView+IDPExtension.m"; sourceTree = "<group>"; };
		69D59ECF1A9C6D9C00174BC7 /* NSViewController+IDPExtension.h */ = {isa = PBXFileReference; fileEncoding = 4; lastKnownFileType = sourcecode.c.h; path = "NSViewController+IDPExtension.h"; sourceTree = "<group>"; };
		69D59ED01A9C6D9C00174BC7 /* NSViewController+IDPExtension.m */ = {isa = PBXFileReference; fileEncoding = 4; lastKnownFileType = sourcecode.c.objc; path = "NSViewController+IDPExtension.m"; sourceTree = "<group>"; };
		69D59ED31A9C6D9C00174BC7 /* NSMutableArray+IDPExtensions.h */ = {isa = PBXFileReference; fileEncoding = 4; lastKnownFileType = sourcecode.c.h; path = "NSMutableArray+IDPExtensions.h"; sourceTree = "<group>"; };
		69D59ED41A9C6D9C00174BC7 /* NSMutableArray+IDPExtensions.m */ = {isa = PBXFileReference; fileEncoding = 4; lastKnownFileType = sourcecode.c.objc; path = "NSMutableArray+IDPExtensions.m"; sourceTree = "<group>"; };
		69D59ED61A9C6D9C00174BC7 /* IDPKeyPathObserver.h */ = {isa = PBXFileReference; fileEncoding = 4; lastKnownFileType = sourcecode.c.h; path = IDPKeyPathObserver.h; sourceTree = "<group>"; };
		69D59ED71A9C6D9C00174BC7 /* IDPKeyPathObserver.m */ = {isa = PBXFileReference; fileEncoding = 4; lastKnownFileType = sourcecode.c.objc; path = IDPKeyPathObserver.m; sourceTree = "<group>"; };
		69D59ED81A9C6D9C00174BC7 /* IDPPropertyMacros.h */ = {isa = PBXFileReference; fileEncoding = 4; lastKnownFileType = sourcecode.c.h; path = IDPPropertyMacros.h; sourceTree = "<group>"; };
		69D59EE41A9C734800174BC7 /* IDPCollectionViewController.h */ = {isa = PBXFileReference; fileEncoding = 4; lastKnownFileType = sourcecode.c.h; path = IDPCollectionViewController.h; sourceTree = "<group>"; };
		69D59EE51A9C734800174BC7 /* IDPCollectionViewController.m */ = {isa = PBXFileReference; fileEncoding = 4; lastKnownFileType = sourcecode.c.objc; path = IDPCollectionViewController.m; sourceTree = "<group>"; };
		69D59EE81A9C737F00174BC7 /* IDPCollectionViewView.h */ = {isa = PBXFileReference; fileEncoding = 4; lastKnownFileType = sourcecode.c.h; path = IDPCollectionViewView.h; sourceTree = "<group>"; };
		69D59EE91A9C737F00174BC7 /* IDPCollectionViewView.m */ = {isa = PBXFileReference; fileEncoding = 4; lastKnownFileType = sourcecode.c.objc; path = IDPCollectionViewView.m; sourceTree = "<group>"; };
		69D59F171A9C900400174BC7 /* IDPCollectionViewCell.h */ = {isa = PBXFileReference; fileEncoding = 4; lastKnownFileType = sourcecode.c.h; path = IDPCollectionViewCell.h; sourceTree = "<group>"; };
		69D59F181A9C900400174BC7 /* IDPCollectionViewCell.m */ = {isa = PBXFileReference; fileEncoding = 4; lastKnownFileType = sourcecode.c.objc; path = IDPCollectionViewCell.m; sourceTree = "<group>"; };
		69D59F1A1A9C922900174BC7 /* IDPCollectionViewCell.xib */ = {isa = PBXFileReference; fileEncoding = 4; lastKnownFileType = file.xib; path = IDPCollectionViewCell.xib; sourceTree = "<group>"; };
		69D59F1C1A9CA9F700174BC7 /* IDPCollectionViewHeaderView.h */ = {isa = PBXFileReference; fileEncoding = 4; lastKnownFileType = sourcecode.c.h; path = IDPCollectionViewHeaderView.h; sourceTree = "<group>"; };
		69D59F1D1A9CA9F700174BC7 /* IDPCollectionViewHeaderView.m */ = {isa = PBXFileReference; fileEncoding = 4; lastKnownFileType = sourcecode.c.objc; path = IDPCollectionViewHeaderView.m; sourceTree = "<group>"; };
		69D59F1F1A9CAA0400174BC7 /* IDPCollectionViewHeaderView.xib */ = {isa = PBXFileReference; fileEncoding = 4; lastKnownFileType = file.xib; path = IDPCollectionViewHeaderView.xib; sourceTree = "<group>"; };
/* End PBXFileReference section */

/* Begin PBXFrameworksBuildPhase section */
		69D59E781A9C6AFA00174BC7 /* Frameworks */ = {
			isa = PBXFrameworksBuildPhase;
			buildActionMask = 2147483647;
			files = (
			);
			runOnlyForDeploymentPostprocessing = 0;
		};
		69D59E8B1A9C6AFB00174BC7 /* Frameworks */ = {
			isa = PBXFrameworksBuildPhase;
			buildActionMask = 2147483647;
			files = (
			);
			runOnlyForDeploymentPostprocessing = 0;
		};
/* End PBXFrameworksBuildPhase section */

/* Begin PBXGroup section */
		69B6D45A1AADDA7100516434 /* IDPKVOMutableArray */ = {
			isa = PBXGroup;
			children = (
				69B6D45B1AADDA7100516434 /* IDPKVOContext.h */,
				69B6D45C1AADDA7100516434 /* IDPKVOContext.m */,
				69B6D45D1AADDA7100516434 /* IDPKVOMutableArray.h */,
				69B6D45E1AADDA7100516434 /* IDPKVOMutableArray.m */,
			);
			path = IDPKVOMutableArray;
			sourceTree = "<group>";
		};
		69B6D4671AADE4DC00516434 /* IDPSectionModel */ = {
			isa = PBXGroup;
			children = (
				69B6D4681AADE4E900516434 /* IDPSectionModel.h */,
				69B6D4691AADE4E900516434 /* IDPSectionModel.m */,
			);
			path = IDPSectionModel;
			sourceTree = "<group>";
		};
		69C9833A1AAF26DD00759F6C /* IDPItemModel */ = {
			isa = PBXGroup;
			children = (
				69C9833B1AAF26DD00759F6C /* IDPItemModel.h */,
				69C9833C1AAF26DD00759F6C /* IDPItemModel.m */,
			);
			path = IDPItemModel;
			sourceTree = "<group>";
		};
		69D59D131AA4BDC30042B0DF /* frameworks */ = {
			isa = PBXGroup;
			children = (
				69D59D141AA4BDC30042B0DF /* JNWCollectionView */,
			);
			path = frameworks;
			sourceTree = "<group>";
		};
		69D59D141AA4BDC30042B0DF /* JNWCollectionView */ = {
			isa = PBXGroup;
			children = (
				69D59D151AA4BDC30042B0DF /* JNWCollectionView */,
				69D59D301AA4BDC30042B0DF /* JNWScrollView */,
			);
			path = JNWCollectionView;
			sourceTree = "<group>";
		};
		69D59D151AA4BDC30042B0DF /* JNWCollectionView */ = {
			isa = PBXGroup;
			children = (
				69D59D161AA4BDC30042B0DF /* JNWCollectionView */,
				69D59D2E1AA4BDC30042B0DF /* LICENSE.md */,
				69D59D2F1AA4BDC30042B0DF /* README.md */,
			);
			path = JNWCollectionView;
			sourceTree = "<group>";
		};
		69D59D161AA4BDC30042B0DF /* JNWCollectionView */ = {
			isa = PBXGroup;
			children = (
				69D59D171AA4BDC30042B0DF /* JNWCollectionView+Private.h */,
				69D59D181AA4BDC30042B0DF /* JNWCollectionView.h */,
				69D59D191AA4BDC30042B0DF /* JNWCollectionViewCell+Private.h */,
				69D59D1A1AA4BDC30042B0DF /* JNWCollectionViewCell.h */,
				69D59D1B1AA4BDC30042B0DF /* JNWCollectionViewCell.m */,
				69D59D1C1AA4BDC30042B0DF /* JNWCollectionViewData.h */,
				69D59D1D1AA4BDC30042B0DF /* JNWCollectionViewData.m */,
				69D59D1E1AA4BDC30042B0DF /* JNWCollectionViewDocumentView.h */,
				69D59D1F1AA4BDC30042B0DF /* JNWCollectionViewDocumentView.m */,
				69D59D201AA4BDC30042B0DF /* JNWCollectionViewFramework.h */,
				69D59D211AA4BDC30042B0DF /* JNWCollectionViewFramework.m */,
				69D59D221AA4BDC30042B0DF /* JNWCollectionViewGridLayout.h */,
				69D59D231AA4BDC30042B0DF /* JNWCollectionViewGridLayout.m */,
				69D59D241AA4BDC30042B0DF /* JNWCollectionViewLayout+Private.h */,
				69D59D251AA4BDC30042B0DF /* JNWCollectionViewLayout.h */,
				69D59D261AA4BDC30042B0DF /* JNWCollectionViewLayout.m */,
				69D59D271AA4BDC30042B0DF /* JNWCollectionViewListLayout.h */,
				69D59D281AA4BDC30042B0DF /* JNWCollectionViewListLayout.m */,
				69D59D291AA4BDC30042B0DF /* JNWCollectionViewReusableView+Private.h */,
				69D59D2A1AA4BDC30042B0DF /* JNWCollectionViewReusableView.h */,
				69D59D2B1AA4BDC30042B0DF /* JNWCollectionViewReusableView.m */,
				69D59D2C1AA4BDC30042B0DF /* NSIndexPath+JNWAdditions.h */,
				69D59D2D1AA4BDC30042B0DF /* NSIndexPath+JNWAdditions.m */,
			);
			path = JNWCollectionView;
			sourceTree = "<group>";
		};
		69D59D301AA4BDC30042B0DF /* JNWScrollView */ = {
			isa = PBXGroup;
			children = (
				69D59D311AA4BDC30042B0DF /* JNWClipView.h */,
				69D59D321AA4BDC30042B0DF /* JNWClipView.m */,
				69D59D331AA4BDC30042B0DF /* JNWScrollView.h */,
				69D59D341AA4BDC30042B0DF /* JNWScrollView.m */,
				69D59D351AA4BDC30042B0DF /* LICENSE.md */,
			);
			path = JNWScrollView;
			sourceTree = "<group>";
		};
		69D59E721A9C6AFA00174BC7 = {
			isa = PBXGroup;
			children = (
				69D59EC01A9C6D9C00174BC7 /* src */,
				69D59E7D1A9C6AFB00174BC7 /* IDPCollectionView */,
				69D59E911A9C6AFB00174BC7 /* IDPCollectionViewTests */,
				69D59E7C1A9C6AFB00174BC7 /* Products */,
				9A1EBF4DC96F46E7B6FF585D /* Frameworks */,
			);
			sourceTree = "<group>";
		};
		69D59E7C1A9C6AFB00174BC7 /* Products */ = {
			isa = PBXGroup;
			children = (
				69D59E7B1A9C6AFB00174BC7 /* IDPCollectionView.app */,
				69D59E8E1A9C6AFB00174BC7 /* IDPCollectionViewTests.xctest */,
			);
			name = Products;
			sourceTree = "<group>";
		};
		69D59E7D1A9C6AFB00174BC7 /* IDPCollectionView */ = {
			isa = PBXGroup;
			children = (
				69D59E801A9C6AFB00174BC7 /* AppDelegate.h */,
				69D59E811A9C6AFB00174BC7 /* AppDelegate.m */,
				69D59E851A9C6AFB00174BC7 /* Images.xcassets */,
				69D59E871A9C6AFB00174BC7 /* MainMenu.xib */,
				69D59E7E1A9C6AFB00174BC7 /* Supporting Files */,
			);
			path = IDPCollectionView;
			sourceTree = "<group>";
		};
		69D59E7E1A9C6AFB00174BC7 /* Supporting Files */ = {
			isa = PBXGroup;
			children = (
				69D59E7F1A9C6AFB00174BC7 /* Info.plist */,
				69D59E831A9C6AFB00174BC7 /* main.m */,
			);
			name = "Supporting Files";
			sourceTree = "<group>";
		};
		69D59E911A9C6AFB00174BC7 /* IDPCollectionViewTests */ = {
			isa = PBXGroup;
			children = (
				69D59E941A9C6AFB00174BC7 /* IDPCollectionViewTests.m */,
				69D59E921A9C6AFB00174BC7 /* Supporting Files */,
			);
			path = IDPCollectionViewTests;
			sourceTree = "<group>";
		};
		69D59E921A9C6AFB00174BC7 /* Supporting Files */ = {
			isa = PBXGroup;
			children = (
				69D59E931A9C6AFB00174BC7 /* Info.plist */,
			);
			name = "Supporting Files";
			sourceTree = "<group>";
		};
		69D59EC01A9C6D9C00174BC7 /* src */ = {
			isa = PBXGroup;
			children = (
				69D59D131AA4BDC30042B0DF /* frameworks */,
				69D59EEB1A9C756C00174BC7 /* Models */,
				69D59EE21A9C733900174BC7 /* UI */,
				69D59EC11A9C6D9C00174BC7 /* IDPKit */,
			);
			path = src;
			sourceTree = "<group>";
		};
		69D59EC11A9C6D9C00174BC7 /* IDPKit */ = {
			isa = PBXGroup;
			children = (
				69D59EC21A9C6D9C00174BC7 /* AppKit */,
				69D59ED11A9C6D9C00174BC7 /* FoundationKit */,
			);
			path = IDPKit;
			sourceTree = "<group>";
		};
		69D59EC21A9C6D9C00174BC7 /* AppKit */ = {
			isa = PBXGroup;
			children = (
				69D59EC31A9C6D9C00174BC7 /* LICENSE */,
				69D59EC41A9C6D9C00174BC7 /* README.md */,
				69D59EC51A9C6D9C00174BC7 /* src */,
			);
			path = AppKit;
			sourceTree = "<group>";
		};
		69D59EC51A9C6D9C00174BC7 /* src */ = {
			isa = PBXGroup;
			children = (
				69D59EC61A9C6D9C00174BC7 /* AppKitKit.h */,
				69D59EC71A9C6D9C00174BC7 /* NSColor+IDPExtension.h */,
				69D59EC81A9C6D9C00174BC7 /* NSColor+IDPExtension.m */,
				69D59EC91A9C6D9C00174BC7 /* NSNib+IDPExtension.h */,
				69D59ECA1A9C6D9C00174BC7 /* NSNib+IDPExtension.m */,
				69D59ECB1A9C6D9C00174BC7 /* NSTableView+IDPExtension.h */,
				69D59ECC1A9C6D9C00174BC7 /* NSTableView+IDPExtension.m */,
				69D59ECD1A9C6D9C00174BC7 /* NSView+IDPExtension.h */,
				69D59ECE1A9C6D9C00174BC7 /* NSView+IDPExtension.m */,
				69D59ECF1A9C6D9C00174BC7 /* NSViewController+IDPExtension.h */,
				69D59ED01A9C6D9C00174BC7 /* NSViewController+IDPExtension.m */,
			);
			path = src;
			sourceTree = "<group>";
		};
		69D59ED11A9C6D9C00174BC7 /* FoundationKit */ = {
			isa = PBXGroup;
			children = (
				69B6D45A1AADDA7100516434 /* IDPKVOMutableArray */,
				69D59ED21A9C6D9C00174BC7 /* Categories */,
				69D59ED51A9C6D9C00174BC7 /* IDPKeyPathObserver */,
				69D59ED81A9C6D9C00174BC7 /* IDPPropertyMacros.h */,
			);
			path = FoundationKit;
			sourceTree = "<group>";
		};
		69D59ED21A9C6D9C00174BC7 /* Categories */ = {
			isa = PBXGroup;
			children = (
				69B6D4641AADDB2700516434 /* NSArray+IDPExtensions.h */,
				69B6D4651AADDB2700516434 /* NSArray+IDPExtensions.m */,
				69B6D4611AADDAEE00516434 /* NSObject+IDPExtensions.h */,
				69B6D4621AADDAEE00516434 /* NSObject+IDPExtensions.m */,
				69D59ED31A9C6D9C00174BC7 /* NSMutableArray+IDPExtensions.h */,
				69D59ED41A9C6D9C00174BC7 /* NSMutableArray+IDPExtensions.m */,
			);
			path = Categories;
			sourceTree = "<group>";
		};
		69D59ED51A9C6D9C00174BC7 /* IDPKeyPathObserver */ = {
			isa = PBXGroup;
			children = (
				69D59ED61A9C6D9C00174BC7 /* IDPKeyPathObserver.h */,
				69D59ED71A9C6D9C00174BC7 /* IDPKeyPathObserver.m */,
			);
			path = IDPKeyPathObserver;
			sourceTree = "<group>";
		};
		69D59EE21A9C733900174BC7 /* UI */ = {
			isa = PBXGroup;
			children = (
				69D59EE31A9C733900174BC7 /* IDPCollectionViewController */,
			);
			path = UI;
			sourceTree = "<group>";
		};
		69D59EE31A9C733900174BC7 /* IDPCollectionViewController */ = {
			isa = PBXGroup;
			children = (
				69D59F161A9C900400174BC7 /* Cell */,
				69D59EE71A9C735300174BC7 /* view */,
				69D59EE41A9C734800174BC7 /* IDPCollectionViewController.h */,
				69D59EE51A9C734800174BC7 /* IDPCollectionViewController.m */,
			);
			path = IDPCollectionViewController;
			sourceTree = "<group>";
		};
		69D59EE71A9C735300174BC7 /* view */ = {
			isa = PBXGroup;
			children = (
				69D59EE81A9C737F00174BC7 /* IDPCollectionViewView.h */,
				69D59EE91A9C737F00174BC7 /* IDPCollectionViewView.m */,
				69D59F1C1A9CA9F700174BC7 /* IDPCollectionViewHeaderView.h */,
				69D59F1D1A9CA9F700174BC7 /* IDPCollectionViewHeaderView.m */,
				69D59F1F1A9CAA0400174BC7 /* IDPCollectionViewHeaderView.xib */,
			);
			path = view;
			sourceTree = "<group>";
		};
		69D59EEB1A9C756C00174BC7 /* Models */ = {
			isa = PBXGroup;
			children = (
				69C9833A1AAF26DD00759F6C /* IDPItemModel */,
				69B6D4671AADE4DC00516434 /* IDPSectionModel */,
				69C9833E1AAF292700759F6C /* IDPColorValueTransformer.h */,
				69C9833F1AAF292700759F6C /* IDPColorValueTransformer.m */,
				69C983421AAF371A00759F6C /* IDPCollectionViewConstants.h */,
			);
			path = Models;
			sourceTree = "<group>";
		};
		69D59F161A9C900400174BC7 /* Cell */ = {
			isa = PBXGroup;
			children = (
				69D59F171A9C900400174BC7 /* IDPCollectionViewCell.h */,
				69D59F181A9C900400174BC7 /* IDPCollectionViewCell.m */,
				69D59F1A1A9C922900174BC7 /* IDPCollectionViewCell.xib */,
			);
			path = Cell;
			sourceTree = "<group>";
		};
		9A1EBF4DC96F46E7B6FF585D /* Frameworks */ = {
			isa = PBXGroup;
			children = (
			);
			name = Frameworks;
			sourceTree = "<group>";
		};
/* End PBXGroup section */

/* Begin PBXNativeTarget section */
		69D59E7A1A9C6AFA00174BC7 /* IDPCollectionView */ = {
			isa = PBXNativeTarget;
			buildConfigurationList = 69D59E981A9C6AFB00174BC7 /* Build configuration list for PBXNativeTarget "IDPCollectionView" */;
			buildPhases = (
				69D59E771A9C6AFA00174BC7 /* Sources */,
				69D59E781A9C6AFA00174BC7 /* Frameworks */,
				69D59E791A9C6AFA00174BC7 /* Resources */,
			);
			buildRules = (
			);
			dependencies = (
			);
			name = IDPCollectionView;
			productName = IDPCollectionView;
			productReference = 69D59E7B1A9C6AFB00174BC7 /* IDPCollectionView.app */;
			productType = "com.apple.product-type.application";
		};
		69D59E8D1A9C6AFB00174BC7 /* IDPCollectionViewTests */ = {
			isa = PBXNativeTarget;
			buildConfigurationList = 69D59E9B1A9C6AFB00174BC7 /* Build configuration list for PBXNativeTarget "IDPCollectionViewTests" */;
			buildPhases = (
				69D59E8A1A9C6AFB00174BC7 /* Sources */,
				69D59E8B1A9C6AFB00174BC7 /* Frameworks */,
				69D59E8C1A9C6AFB00174BC7 /* Resources */,
			);
			buildRules = (
			);
			dependencies = (
				69D59E901A9C6AFB00174BC7 /* PBXTargetDependency */,
			);
			name = IDPCollectionViewTests;
			productName = IDPCollectionViewTests;
			productReference = 69D59E8E1A9C6AFB00174BC7 /* IDPCollectionViewTests.xctest */;
			productType = "com.apple.product-type.bundle.unit-test";
		};
/* End PBXNativeTarget section */

/* Begin PBXProject section */
		69D59E731A9C6AFA00174BC7 /* Project object */ = {
			isa = PBXProject;
			attributes = {
				LastUpgradeCheck = 0610;
				ORGANIZATIONNAME = "IDAP Group";
				TargetAttributes = {
					69D59E7A1A9C6AFA00174BC7 = {
						CreatedOnToolsVersion = 6.1.1;
					};
					69D59E8D1A9C6AFB00174BC7 = {
						CreatedOnToolsVersion = 6.1.1;
						TestTargetID = 69D59E7A1A9C6AFA00174BC7;
					};
				};
			};
			buildConfigurationList = 69D59E761A9C6AFA00174BC7 /* Build configuration list for PBXProject "IDPCollectionView" */;
			compatibilityVersion = "Xcode 3.2";
			developmentRegion = English;
			hasScannedForEncodings = 0;
			knownRegions = (
				en,
				Base,
			);
			mainGroup = 69D59E721A9C6AFA00174BC7;
			productRefGroup = 69D59E7C1A9C6AFB00174BC7 /* Products */;
			projectDirPath = "";
			projectRoot = "";
			targets = (
				69D59E7A1A9C6AFA00174BC7 /* IDPCollectionView */,
				69D59E8D1A9C6AFB00174BC7 /* IDPCollectionViewTests */,
			);
		};
/* End PBXProject section */

/* Begin PBXResourcesBuildPhase section */
		69D59E791A9C6AFA00174BC7 /* Resources */ = {
			isa = PBXResourcesBuildPhase;
			buildActionMask = 2147483647;
			files = (
				69D59ED91A9C6D9C00174BC7 /* LICENSE in Resources */,
				69D59E861A9C6AFB00174BC7 /* Images.xcassets in Resources */,
				69D59F1B1A9C922900174BC7 /* IDPCollectionViewCell.xib in Resources */,
				69D59E891A9C6AFB00174BC7 /* MainMenu.xib in Resources */,
				69D59F201A9CAA0400174BC7 /* IDPCollectionViewHeaderView.xib in Resources */,
			);
			runOnlyForDeploymentPostprocessing = 0;
		};
		69D59E8C1A9C6AFB00174BC7 /* Resources */ = {
			isa = PBXResourcesBuildPhase;
			buildActionMask = 2147483647;
			files = (
			);
			runOnlyForDeploymentPostprocessing = 0;
		};
/* End PBXResourcesBuildPhase section */

/* Begin PBXSourcesBuildPhase section */
		69D59E771A9C6AFA00174BC7 /* Sources */ = {
			isa = PBXSourcesBuildPhase;
			buildActionMask = 2147483647;
			files = (
				69D59F191A9C900400174BC7 /* IDPCollectionViewCell.m in Sources */,
				69D59EDA1A9C6D9C00174BC7 /* README.md in Sources */,
				69D59EE01A9C6D9C00174BC7 /* NSMutableArray+IDPExtensions.m in Sources */,
				69D59EEA1A9C737F00174BC7 /* IDPCollectionViewView.m in Sources */,
				69B6D4601AADDA7100516434 /* IDPKVOMutableArray.m in Sources */,
				69D59D401AA4BDC30042B0DF /* README.md in Sources */,
				69D59D3E1AA4BDC30042B0DF /* NSIndexPath+JNWAdditions.m in Sources */,
				69B6D4661AADDB2700516434 /* NSArray+IDPExtensions.m in Sources */,
				69D59E841A9C6AFB00174BC7 /* main.m in Sources */,
				69D59EDE1A9C6D9C00174BC7 /* NSView+IDPExtension.m in Sources */,
				69D59D381AA4BDC30042B0DF /* JNWCollectionViewDocumentView.m in Sources */,
				69B6D46A1AADE4E900516434 /* IDPSectionModel.m in Sources */,
				69B6D45F1AADDA7100516434 /* IDPKVOContext.m in Sources */,
				69D59EE11A9C6D9C00174BC7 /* IDPKeyPathObserver.m in Sources */,
				69D59EDD1A9C6D9C00174BC7 /* NSTableView+IDPExtension.m in Sources */,
				69D59D421AA4BDC30042B0DF /* JNWScrollView.m in Sources */,
				69D59D411AA4BDC30042B0DF /* JNWClipView.m in Sources */,
				69D59D3D1AA4BDC30042B0DF /* JNWCollectionViewReusableView.m in Sources */,
				69D59D361AA4BDC30042B0DF /* JNWCollectionViewCell.m in Sources */,
				69D59D3C1AA4BDC30042B0DF /* JNWCollectionViewListLayout.m in Sources */,
				69D59EE61A9C734800174BC7 /* IDPCollectionViewController.m in Sources */,
				69D59EDB1A9C6D9C00174BC7 /* NSColor+IDPExtension.m in Sources */,
				69D59D3B1AA4BDC30042B0DF /* JNWCollectionViewLayout.m in Sources */,
				69D59D391AA4BDC30042B0DF /* JNWCollectionViewFramework.m in Sources */,
				69C983401AAF292700759F6C /* IDPColorValueTransformer.m in Sources */,
				69B6D4631AADDAEE00516434 /* NSObject+IDPExtensions.m in Sources */,
				69D59EDC1A9C6D9C00174BC7 /* NSNib+IDPExtension.m in Sources */,
				69C9833D1AAF26DD00759F6C /* IDPItemModel.m in Sources */,
				69D59E821A9C6AFB00174BC7 /* AppDelegate.m in Sources */,
				69D59D3F1AA4BDC30042B0DF /* LICENSE.md in Sources */,
				69D59EDF1A9C6D9C00174BC7 /* NSViewController+IDPExtension.m in Sources */,
				69D59D371AA4BDC30042B0DF /* JNWCollectionViewData.m in Sources */,
				69D59D431AA4BDC30042B0DF /* LICENSE.md in Sources */,
				69D59D3A1AA4BDC30042B0DF /* JNWCollectionViewGridLayout.m in Sources */,
				69D59F1E1A9CA9F700174BC7 /* IDPCollectionViewHeaderView.m in Sources */,
			);
			runOnlyForDeploymentPostprocessing = 0;
		};
		69D59E8A1A9C6AFB00174BC7 /* Sources */ = {
			isa = PBXSourcesBuildPhase;
			buildActionMask = 2147483647;
			files = (
				69D59E951A9C6AFB00174BC7 /* IDPCollectionViewTests.m in Sources */,
			);
			runOnlyForDeploymentPostprocessing = 0;
		};
/* End PBXSourcesBuildPhase section */

/* Begin PBXTargetDependency section */
		69D59E901A9C6AFB00174BC7 /* PBXTargetDependency */ = {
			isa = PBXTargetDependency;
			target = 69D59E7A1A9C6AFA00174BC7 /* IDPCollectionView */;
			targetProxy = 69D59E8F1A9C6AFB00174BC7 /* PBXContainerItemProxy */;
		};
/* End PBXTargetDependency section */

/* Begin PBXVariantGroup section */
		69D59E871A9C6AFB00174BC7 /* MainMenu.xib */ = {
			isa = PBXVariantGroup;
			children = (
				69D59E881A9C6AFB00174BC7 /* Base */,
			);
			name = MainMenu.xib;
			sourceTree = "<group>";
		};
/* End PBXVariantGroup section */

/* Begin XCBuildConfiguration section */
		69D59E961A9C6AFB00174BC7 /* Debug */ = {
			isa = XCBuildConfiguration;
			buildSettings = {
				ALWAYS_SEARCH_USER_PATHS = NO;
				CLANG_CXX_LANGUAGE_STANDARD = "gnu++0x";
				CLANG_CXX_LIBRARY = "libc++";
				CLANG_ENABLE_MODULES = YES;
				CLANG_ENABLE_OBJC_ARC = YES;
				CLANG_WARN_BOOL_CONVERSION = YES;
				CLANG_WARN_CONSTANT_CONVERSION = YES;
				CLANG_WARN_DIRECT_OBJC_ISA_USAGE = YES_ERROR;
				CLANG_WARN_EMPTY_BODY = YES;
				CLANG_WARN_ENUM_CONVERSION = YES;
				CLANG_WARN_INT_CONVERSION = YES;
				CLANG_WARN_OBJC_ROOT_CLASS = YES_ERROR;
				CLANG_WARN_UNREACHABLE_CODE = YES;
				CLANG_WARN__DUPLICATE_METHOD_MATCH = YES;
				CODE_SIGN_IDENTITY = "-";
				COPY_PHASE_STRIP = NO;
				ENABLE_STRICT_OBJC_MSGSEND = YES;
				GCC_C_LANGUAGE_STANDARD = gnu99;
				GCC_DYNAMIC_NO_PIC = NO;
				GCC_OPTIMIZATION_LEVEL = 0;
				GCC_PREPROCESSOR_DEFINITIONS = (
					"DEBUG=1",
					"$(inherited)",
				);
				GCC_SYMBOLS_PRIVATE_EXTERN = NO;
				GCC_WARN_64_TO_32_BIT_CONVERSION = YES;
				GCC_WARN_ABOUT_RETURN_TYPE = YES_ERROR;
				GCC_WARN_UNDECLARED_SELECTOR = YES;
				GCC_WARN_UNINITIALIZED_AUTOS = YES_AGGRESSIVE;
				GCC_WARN_UNUSED_FUNCTION = YES;
				GCC_WARN_UNUSED_VARIABLE = YES;
				MACOSX_DEPLOYMENT_TARGET = 10.9;
				MTL_ENABLE_DEBUG_INFO = YES;
				ONLY_ACTIVE_ARCH = YES;
				SDKROOT = macosx;
			};
			name = Debug;
		};
		69D59E971A9C6AFB00174BC7 /* Release */ = {
			isa = XCBuildConfiguration;
			buildSettings = {
				ALWAYS_SEARCH_USER_PATHS = NO;
				CLANG_CXX_LANGUAGE_STANDARD = "gnu++0x";
				CLANG_CXX_LIBRARY = "libc++";
				CLANG_ENABLE_MODULES = YES;
				CLANG_ENABLE_OBJC_ARC = YES;
				CLANG_WARN_BOOL_CONVERSION = YES;
				CLANG_WARN_CONSTANT_CONVERSION = YES;
				CLANG_WARN_DIRECT_OBJC_ISA_USAGE = YES_ERROR;
				CLANG_WARN_EMPTY_BODY = YES;
				CLANG_WARN_ENUM_CONVERSION = YES;
				CLANG_WARN_INT_CONVERSION = YES;
				CLANG_WARN_OBJC_ROOT_CLASS = YES_ERROR;
				CLANG_WARN_UNREACHABLE_CODE = YES;
				CLANG_WARN__DUPLICATE_METHOD_MATCH = YES;
				CODE_SIGN_IDENTITY = "-";
				COPY_PHASE_STRIP = YES;
				DEBUG_INFORMATION_FORMAT = "dwarf-with-dsym";
				ENABLE_NS_ASSERTIONS = NO;
				ENABLE_STRICT_OBJC_MSGSEND = YES;
				GCC_C_LANGUAGE_STANDARD = gnu99;
				GCC_WARN_64_TO_32_BIT_CONVERSION = YES;
				GCC_WARN_ABOUT_RETURN_TYPE = YES_ERROR;
				GCC_WARN_UNDECLARED_SELECTOR = YES;
				GCC_WARN_UNINITIALIZED_AUTOS = YES_AGGRESSIVE;
				GCC_WARN_UNUSED_FUNCTION = YES;
				GCC_WARN_UNUSED_VARIABLE = YES;
				MACOSX_DEPLOYMENT_TARGET = 10.9;
				MTL_ENABLE_DEBUG_INFO = NO;
				SDKROOT = macosx;
			};
			name = Release;
		};
		69D59E991A9C6AFB00174BC7 /* Debug */ = {
			isa = XCBuildConfiguration;
			buildSettings = {
				ASSETCATALOG_COMPILER_APPICON_NAME = AppIcon;
				COMBINE_HIDPI_IMAGES = YES;
				INFOPLIST_FILE = IDPCollectionView/Info.plist;
				LD_RUNPATH_SEARCH_PATHS = "$(inherited) @executable_path/../Frameworks";
				PRODUCT_NAME = "$(TARGET_NAME)";
			};
			name = Debug;
		};
		69D59E9A1A9C6AFB00174BC7 /* Release */ = {
			isa = XCBuildConfiguration;
			buildSettings = {
				ASSETCATALOG_COMPILER_APPICON_NAME = AppIcon;
				COMBINE_HIDPI_IMAGES = YES;
				INFOPLIST_FILE = IDPCollectionView/Info.plist;
				LD_RUNPATH_SEARCH_PATHS = "$(inherited) @executable_path/../Frameworks";
				PRODUCT_NAME = "$(TARGET_NAME)";
			};
			name = Release;
		};
		69D59E9C1A9C6AFB00174BC7 /* Debug */ = {
			isa = XCBuildConfiguration;
			buildSettings = {
				BUNDLE_LOADER = "$(TEST_HOST)";
				COMBINE_HIDPI_IMAGES = YES;
				FRAMEWORK_SEARCH_PATHS = (
					"$(DEVELOPER_FRAMEWORKS_DIR)",
					"$(inherited)",
				);
				GCC_PREPROCESSOR_DEFINITIONS = (
					"DEBUG=1",
					"$(inherited)",
				);
				INFOPLIST_FILE = IDPCollectionViewTests/Info.plist;
				LD_RUNPATH_SEARCH_PATHS = "$(inherited) @executable_path/../Frameworks @loader_path/../Frameworks";
				PRODUCT_NAME = "$(TARGET_NAME)";
				TEST_HOST = "$(BUILT_PRODUCTS_DIR)/IDPCollectionView.app/Contents/MacOS/IDPCollectionView";
			};
			name = Debug;
		};
		69D59E9D1A9C6AFB00174BC7 /* Release */ = {
			isa = XCBuildConfiguration;
			buildSettings = {
				BUNDLE_LOADER = "$(TEST_HOST)";
				COMBINE_HIDPI_IMAGES = YES;
				FRAMEWORK_SEARCH_PATHS = (
					"$(DEVELOPER_FRAMEWORKS_DIR)",
					"$(inherited)",
				);
				INFOPLIST_FILE = IDPCollectionViewTests/Info.plist;
				LD_RUNPATH_SEARCH_PATHS = "$(inherited) @executable_path/../Frameworks @loader_path/../Frameworks";
				PRODUCT_NAME = "$(TARGET_NAME)";
				TEST_HOST = "$(BUILT_PRODUCTS_DIR)/IDPCollectionView.app/Contents/MacOS/IDPCollectionView";
			};
			name = Release;
		};
/* End XCBuildConfiguration section */

/* Begin XCConfigurationList section */
		69D59E761A9C6AFA00174BC7 /* Build configuration list for PBXProject "IDPCollectionView" */ = {
			isa = XCConfigurationList;
			buildConfigurations = (
				69D59E961A9C6AFB00174BC7 /* Debug */,
				69D59E971A9C6AFB00174BC7 /* Release */,
			);
			defaultConfigurationIsVisible = 0;
			defaultConfigurationName = Release;
		};
		69D59E981A9C6AFB00174BC7 /* Build configuration list for PBXNativeTarget "IDPCollectionView" */ = {
			isa = XCConfigurationList;
			buildConfigurations = (
				69D59E991A9C6AFB00174BC7 /* Debug */,
				69D59E9A1A9C6AFB00174BC7 /* Release */,
			);
			defaultConfigurationIsVisible = 0;
			defaultConfigurationName = Release;
		};
		69D59E9B1A9C6AFB00174BC7 /* Build configuration list for PBXNativeTarget "IDPCollectionViewTests" */ = {
			isa = XCConfigurationList;
			buildConfigurations = (
				69D59E9C1A9C6AFB00174BC7 /* Debug */,
				69D59E9D1A9C6AFB00174BC7 /* Release */,
			);
			defaultConfigurationIsVisible = 0;
			defaultConfigurationName = Release;
		};
/* End XCConfigurationList section */
	};
	rootObject = 69D59E731A9C6AFA00174BC7 /* Project object */;
}
